// !$*UTF8*$!
{
	archiveVersion = 1;
	classes = {
	};
	objectVersion = 56;
	objects = {

/* Begin PBXBuildFile section */
		B309E9822A475A9800E098BF /* RickAndMortyApp.swift in Sources */ = {isa = PBXBuildFile; fileRef = B309E9812A475A9800E098BF /* RickAndMortyApp.swift */; };
		B309E9842A475A9800E098BF /* ContentView.swift in Sources */ = {isa = PBXBuildFile; fileRef = B309E9832A475A9800E098BF /* ContentView.swift */; };
		B309E9892A475A9900E098BF /* Preview Assets.xcassets in Resources */ = {isa = PBXBuildFile; fileRef = B309E9882A475A9900E098BF /* Preview Assets.xcassets */; };
		B309E9932A475A9900E098BF /* RickAndMortyTests.swift in Sources */ = {isa = PBXBuildFile; fileRef = B309E9922A475A9900E098BF /* RickAndMortyTests.swift */; };
		B309E99D2A475A9900E098BF /* RickAndMortyUITests.swift in Sources */ = {isa = PBXBuildFile; fileRef = B309E99C2A475A9900E098BF /* RickAndMortyUITests.swift */; };
		B309E99F2A475A9900E098BF /* RickAndMortyUITestsLaunchTests.swift in Sources */ = {isa = PBXBuildFile; fileRef = B309E99E2A475A9900E098BF /* RickAndMortyUITestsLaunchTests.swift */; };
		B30B386D2A49816500FB7E26 /* BundleExtensions.swift in Sources */ = {isa = PBXBuildFile; fileRef = B30B386C2A49816500FB7E26 /* BundleExtensions.swift */; };
		B30B38732A4981FF00FB7E26 /* BundleExtensions.swift in Sources */ = {isa = PBXBuildFile; fileRef = B30B38722A4981FF00FB7E26 /* BundleExtensions.swift */; };
		B30B38752A49820A00FB7E26 /* BundleExtensions.swift in Sources */ = {isa = PBXBuildFile; fileRef = B30B38742A49820A00FB7E26 /* BundleExtensions.swift */; };
		B30B38772A49821300FB7E26 /* BundleExtensions.swift in Sources */ = {isa = PBXBuildFile; fileRef = B30B38762A49821300FB7E26 /* BundleExtensions.swift */; };
		B30B38792A49821C00FB7E26 /* BundleExtensions.swift in Sources */ = {isa = PBXBuildFile; fileRef = B30B38782A49821C00FB7E26 /* BundleExtensions.swift */; };
		B30B387B2A49845B00FB7E26 /* Assets.xcassets in Resources */ = {isa = PBXBuildFile; fileRef = B30B387A2A49845B00FB7E26 /* Assets.xcassets */; };
		B30B387E2A4984A000FB7E26 /* ImageConvertible.swift in Sources */ = {isa = PBXBuildFile; fileRef = B30B387D2A4984A000FB7E26 /* ImageConvertible.swift */; };
		B30B38802A49852500FB7E26 /* ComponentImage.swift in Sources */ = {isa = PBXBuildFile; fileRef = B30B387F2A49852500FB7E26 /* ComponentImage.swift */; };
		B38D12222A4762F300639701 /* STScenes.h in Headers */ = {isa = PBXBuildFile; fileRef = B38D12212A4762F300639701 /* STScenes.h */; settings = {ATTRIBUTES = (Public, ); }; };
		B38D12252A4762F300639701 /* STScenes.framework in Frameworks */ = {isa = PBXBuildFile; fileRef = B38D121F2A4762F300639701 /* STScenes.framework */; };
		B38D12262A4762F300639701 /* STScenes.framework in Embed Frameworks */ = {isa = PBXBuildFile; fileRef = B38D121F2A4762F300639701 /* STScenes.framework */; settings = {ATTRIBUTES = (CodeSignOnCopy, RemoveHeadersOnCopy, ); }; };
		B38D12332A47630E00639701 /* STCore.h in Headers */ = {isa = PBXBuildFile; fileRef = B38D12322A47630E00639701 /* STCore.h */; settings = {ATTRIBUTES = (Public, ); }; };
		B38D12362A47630E00639701 /* STCore.framework in Frameworks */ = {isa = PBXBuildFile; fileRef = B38D12302A47630E00639701 /* STCore.framework */; };
		B38D12372A47630E00639701 /* STCore.framework in Embed Frameworks */ = {isa = PBXBuildFile; fileRef = B38D12302A47630E00639701 /* STCore.framework */; settings = {ATTRIBUTES = (CodeSignOnCopy, RemoveHeadersOnCopy, ); }; };
		B38D12432A47632500639701 /* STNetwork.h in Headers */ = {isa = PBXBuildFile; fileRef = B38D12422A47632500639701 /* STNetwork.h */; settings = {ATTRIBUTES = (Public, ); }; };
		B38D12462A47632500639701 /* STNetwork.framework in Frameworks */ = {isa = PBXBuildFile; fileRef = B38D12402A47632500639701 /* STNetwork.framework */; };
		B38D12472A47632500639701 /* STNetwork.framework in Embed Frameworks */ = {isa = PBXBuildFile; fileRef = B38D12402A47632500639701 /* STNetwork.framework */; settings = {ATTRIBUTES = (CodeSignOnCopy, RemoveHeadersOnCopy, ); }; };
		B38D12532A47634800639701 /* STEntities.h in Headers */ = {isa = PBXBuildFile; fileRef = B38D12522A47634800639701 /* STEntities.h */; settings = {ATTRIBUTES = (Public, ); }; };
		B38D12562A47634800639701 /* STEntities.framework in Frameworks */ = {isa = PBXBuildFile; fileRef = B38D12502A47634800639701 /* STEntities.framework */; };
		B38D12572A47634800639701 /* STEntities.framework in Embed Frameworks */ = {isa = PBXBuildFile; fileRef = B38D12502A47634800639701 /* STEntities.framework */; settings = {ATTRIBUTES = (CodeSignOnCopy, RemoveHeadersOnCopy, ); }; };
		B38D12632A47637000639701 /* STComponents.h in Headers */ = {isa = PBXBuildFile; fileRef = B38D12622A47637000639701 /* STComponents.h */; settings = {ATTRIBUTES = (Public, ); }; };
		B38D12662A47637000639701 /* STComponents.framework in Frameworks */ = {isa = PBXBuildFile; fileRef = B38D12602A47637000639701 /* STComponents.framework */; };
		B38D12672A47637000639701 /* STComponents.framework in Embed Frameworks */ = {isa = PBXBuildFile; fileRef = B38D12602A47637000639701 /* STComponents.framework */; settings = {ATTRIBUTES = (CodeSignOnCopy, RemoveHeadersOnCopy, ); }; };
		B38D126D2A4765FD00639701 /* Alamofire in Frameworks */ = {isa = PBXBuildFile; productRef = B38D126C2A4765FD00639701 /* Alamofire */; };
		B38D12722A47666D00639701 /* Alamofire in Frameworks */ = {isa = PBXBuildFile; productRef = B38D12712A47666D00639701 /* Alamofire */; };
/* End PBXBuildFile section */

/* Begin PBXContainerItemProxy section */
		B309E98F2A475A9900E098BF /* PBXContainerItemProxy */ = {
			isa = PBXContainerItemProxy;
			containerPortal = B309E9762A475A9800E098BF /* Project object */;
			proxyType = 1;
			remoteGlobalIDString = B309E97D2A475A9800E098BF;
			remoteInfo = RickAndMorty;
		};
		B309E9992A475A9900E098BF /* PBXContainerItemProxy */ = {
			isa = PBXContainerItemProxy;
			containerPortal = B309E9762A475A9800E098BF /* Project object */;
			proxyType = 1;
			remoteGlobalIDString = B309E97D2A475A9800E098BF;
			remoteInfo = RickAndMorty;
		};
		B38D12232A4762F300639701 /* PBXContainerItemProxy */ = {
			isa = PBXContainerItemProxy;
			containerPortal = B309E9762A475A9800E098BF /* Project object */;
			proxyType = 1;
			remoteGlobalIDString = B38D121E2A4762F300639701;
			remoteInfo = STScenes;
		};
		B38D12342A47630E00639701 /* PBXContainerItemProxy */ = {
			isa = PBXContainerItemProxy;
			containerPortal = B309E9762A475A9800E098BF /* Project object */;
			proxyType = 1;
			remoteGlobalIDString = B38D122F2A47630E00639701;
			remoteInfo = STCore;
		};
		B38D12442A47632500639701 /* PBXContainerItemProxy */ = {
			isa = PBXContainerItemProxy;
			containerPortal = B309E9762A475A9800E098BF /* Project object */;
			proxyType = 1;
			remoteGlobalIDString = B38D123F2A47632500639701;
			remoteInfo = STNetwork;
		};
		B38D12542A47634800639701 /* PBXContainerItemProxy */ = {
			isa = PBXContainerItemProxy;
			containerPortal = B309E9762A475A9800E098BF /* Project object */;
			proxyType = 1;
			remoteGlobalIDString = B38D124F2A47634800639701;
			remoteInfo = STEntities;
		};
		B38D12642A47637000639701 /* PBXContainerItemProxy */ = {
			isa = PBXContainerItemProxy;
			containerPortal = B309E9762A475A9800E098BF /* Project object */;
			proxyType = 1;
			remoteGlobalIDString = B38D125F2A47637000639701;
			remoteInfo = STComponents;
		};
/* End PBXContainerItemProxy section */

/* Begin PBXCopyFilesBuildPhase section */
		B38D12272A4762F300639701 /* Embed Frameworks */ = {
			isa = PBXCopyFilesBuildPhase;
			buildActionMask = 2147483647;
			dstPath = "";
			dstSubfolderSpec = 10;
			files = (
				B38D12572A47634800639701 /* STEntities.framework in Embed Frameworks */,
				B38D12372A47630E00639701 /* STCore.framework in Embed Frameworks */,
				B38D12672A47637000639701 /* STComponents.framework in Embed Frameworks */,
				B38D12472A47632500639701 /* STNetwork.framework in Embed Frameworks */,
				B38D12262A4762F300639701 /* STScenes.framework in Embed Frameworks */,
			);
			name = "Embed Frameworks";
			runOnlyForDeploymentPostprocessing = 0;
		};
/* End PBXCopyFilesBuildPhase section */

/* Begin PBXFileReference section */
		B309E97E2A475A9800E098BF /* RickAndMorty.app */ = {isa = PBXFileReference; explicitFileType = wrapper.application; includeInIndex = 0; path = RickAndMorty.app; sourceTree = BUILT_PRODUCTS_DIR; };
		B309E9812A475A9800E098BF /* RickAndMortyApp.swift */ = {isa = PBXFileReference; lastKnownFileType = sourcecode.swift; path = RickAndMortyApp.swift; sourceTree = "<group>"; };
		B309E9832A475A9800E098BF /* ContentView.swift */ = {isa = PBXFileReference; lastKnownFileType = sourcecode.swift; path = ContentView.swift; sourceTree = "<group>"; };
		B309E9882A475A9900E098BF /* Preview Assets.xcassets */ = {isa = PBXFileReference; lastKnownFileType = folder.assetcatalog; path = "Preview Assets.xcassets"; sourceTree = "<group>"; };
		B309E98E2A475A9900E098BF /* RickAndMortyTests.xctest */ = {isa = PBXFileReference; explicitFileType = wrapper.cfbundle; includeInIndex = 0; path = RickAndMortyTests.xctest; sourceTree = BUILT_PRODUCTS_DIR; };
		B309E9922A475A9900E098BF /* RickAndMortyTests.swift */ = {isa = PBXFileReference; lastKnownFileType = sourcecode.swift; path = RickAndMortyTests.swift; sourceTree = "<group>"; };
		B309E9982A475A9900E098BF /* RickAndMortyUITests.xctest */ = {isa = PBXFileReference; explicitFileType = wrapper.cfbundle; includeInIndex = 0; path = RickAndMortyUITests.xctest; sourceTree = BUILT_PRODUCTS_DIR; };
		B309E99C2A475A9900E098BF /* RickAndMortyUITests.swift */ = {isa = PBXFileReference; lastKnownFileType = sourcecode.swift; path = RickAndMortyUITests.swift; sourceTree = "<group>"; };
		B309E99E2A475A9900E098BF /* RickAndMortyUITestsLaunchTests.swift */ = {isa = PBXFileReference; lastKnownFileType = sourcecode.swift; path = RickAndMortyUITestsLaunchTests.swift; sourceTree = "<group>"; };
		B30B386C2A49816500FB7E26 /* BundleExtensions.swift */ = {isa = PBXFileReference; lastKnownFileType = sourcecode.swift; path = BundleExtensions.swift; sourceTree = "<group>"; };
		B30B38722A4981FF00FB7E26 /* BundleExtensions.swift */ = {isa = PBXFileReference; lastKnownFileType = sourcecode.swift; path = BundleExtensions.swift; sourceTree = "<group>"; };
		B30B38742A49820A00FB7E26 /* BundleExtensions.swift */ = {isa = PBXFileReference; lastKnownFileType = sourcecode.swift; path = BundleExtensions.swift; sourceTree = "<group>"; };
		B30B38762A49821300FB7E26 /* BundleExtensions.swift */ = {isa = PBXFileReference; lastKnownFileType = sourcecode.swift; path = BundleExtensions.swift; sourceTree = "<group>"; };
		B30B38782A49821C00FB7E26 /* BundleExtensions.swift */ = {isa = PBXFileReference; lastKnownFileType = sourcecode.swift; path = BundleExtensions.swift; sourceTree = "<group>"; };
		B30B387A2A49845B00FB7E26 /* Assets.xcassets */ = {isa = PBXFileReference; lastKnownFileType = folder.assetcatalog; path = Assets.xcassets; sourceTree = "<group>"; };
		B30B387D2A4984A000FB7E26 /* ImageConvertible.swift */ = {isa = PBXFileReference; lastKnownFileType = sourcecode.swift; path = ImageConvertible.swift; sourceTree = "<group>"; };
		B30B387F2A49852500FB7E26 /* ComponentImage.swift */ = {isa = PBXFileReference; lastKnownFileType = sourcecode.swift; path = ComponentImage.swift; sourceTree = "<group>"; };
		B38D12192A47602800639701 /* Info.plist */ = {isa = PBXFileReference; lastKnownFileType = text.plist; path = Info.plist; sourceTree = "<group>"; };
		B38D121F2A4762F300639701 /* STScenes.framework */ = {isa = PBXFileReference; explicitFileType = wrapper.framework; includeInIndex = 0; path = STScenes.framework; sourceTree = BUILT_PRODUCTS_DIR; };
		B38D12212A4762F300639701 /* STScenes.h */ = {isa = PBXFileReference; lastKnownFileType = sourcecode.c.h; path = STScenes.h; sourceTree = "<group>"; };
		B38D12302A47630E00639701 /* STCore.framework */ = {isa = PBXFileReference; explicitFileType = wrapper.framework; includeInIndex = 0; path = STCore.framework; sourceTree = BUILT_PRODUCTS_DIR; };
		B38D12322A47630E00639701 /* STCore.h */ = {isa = PBXFileReference; lastKnownFileType = sourcecode.c.h; path = STCore.h; sourceTree = "<group>"; };
		B38D12402A47632500639701 /* STNetwork.framework */ = {isa = PBXFileReference; explicitFileType = wrapper.framework; includeInIndex = 0; path = STNetwork.framework; sourceTree = BUILT_PRODUCTS_DIR; };
		B38D12422A47632500639701 /* STNetwork.h */ = {isa = PBXFileReference; lastKnownFileType = sourcecode.c.h; path = STNetwork.h; sourceTree = "<group>"; };
		B38D12502A47634800639701 /* STEntities.framework */ = {isa = PBXFileReference; explicitFileType = wrapper.framework; includeInIndex = 0; path = STEntities.framework; sourceTree = BUILT_PRODUCTS_DIR; };
		B38D12522A47634800639701 /* STEntities.h */ = {isa = PBXFileReference; lastKnownFileType = sourcecode.c.h; path = STEntities.h; sourceTree = "<group>"; };
		B38D12602A47637000639701 /* STComponents.framework */ = {isa = PBXFileReference; explicitFileType = wrapper.framework; includeInIndex = 0; path = STComponents.framework; sourceTree = BUILT_PRODUCTS_DIR; };
		B38D12622A47637000639701 /* STComponents.h */ = {isa = PBXFileReference; lastKnownFileType = sourcecode.c.h; path = STComponents.h; sourceTree = "<group>"; };
/* End PBXFileReference section */

/* Begin PBXFrameworksBuildPhase section */
		B309E97B2A475A9800E098BF /* Frameworks */ = {
			isa = PBXFrameworksBuildPhase;
			buildActionMask = 2147483647;
			files = (
				B38D12562A47634800639701 /* STEntities.framework in Frameworks */,
				B38D12362A47630E00639701 /* STCore.framework in Frameworks */,
				B38D12662A47637000639701 /* STComponents.framework in Frameworks */,
				B38D126D2A4765FD00639701 /* Alamofire in Frameworks */,
				B38D12462A47632500639701 /* STNetwork.framework in Frameworks */,
				B38D12252A4762F300639701 /* STScenes.framework in Frameworks */,
			);
			runOnlyForDeploymentPostprocessing = 0;
		};
		B309E98B2A475A9900E098BF /* Frameworks */ = {
			isa = PBXFrameworksBuildPhase;
			buildActionMask = 2147483647;
			files = (
			);
			runOnlyForDeploymentPostprocessing = 0;
		};
		B309E9952A475A9900E098BF /* Frameworks */ = {
			isa = PBXFrameworksBuildPhase;
			buildActionMask = 2147483647;
			files = (
			);
			runOnlyForDeploymentPostprocessing = 0;
		};
		B38D121C2A4762F300639701 /* Frameworks */ = {
			isa = PBXFrameworksBuildPhase;
			buildActionMask = 2147483647;
			files = (
			);
			runOnlyForDeploymentPostprocessing = 0;
		};
		B38D122D2A47630E00639701 /* Frameworks */ = {
			isa = PBXFrameworksBuildPhase;
			buildActionMask = 2147483647;
			files = (
			);
			runOnlyForDeploymentPostprocessing = 0;
		};
		B38D123D2A47632500639701 /* Frameworks */ = {
			isa = PBXFrameworksBuildPhase;
			buildActionMask = 2147483647;
			files = (
				B38D12722A47666D00639701 /* Alamofire in Frameworks */,
			);
			runOnlyForDeploymentPostprocessing = 0;
		};
		B38D124D2A47634800639701 /* Frameworks */ = {
			isa = PBXFrameworksBuildPhase;
			buildActionMask = 2147483647;
			files = (
			);
			runOnlyForDeploymentPostprocessing = 0;
		};
		B38D125D2A47637000639701 /* Frameworks */ = {
			isa = PBXFrameworksBuildPhase;
			buildActionMask = 2147483647;
			files = (
			);
			runOnlyForDeploymentPostprocessing = 0;
		};
/* End PBXFrameworksBuildPhase section */

/* Begin PBXGroup section */
		B309E9752A475A9800E098BF = {
			isa = PBXGroup;
			children = (
				B309E9802A475A9800E098BF /* RickAndMorty */,
				B309E9912A475A9900E098BF /* RickAndMortyTests */,
				B309E99B2A475A9900E098BF /* RickAndMortyUITests */,
				B38D12202A4762F300639701 /* STScenes */,
				B38D12312A47630E00639701 /* STCore */,
				B38D12412A47632500639701 /* STNetwork */,
				B38D12512A47634800639701 /* STEntities */,
				B38D12612A47637000639701 /* STComponents */,
				B309E97F2A475A9800E098BF /* Products */,
				B38D12702A47666D00639701 /* Frameworks */,
			);
			sourceTree = "<group>";
		};
		B309E97F2A475A9800E098BF /* Products */ = {
			isa = PBXGroup;
			children = (
				B309E97E2A475A9800E098BF /* RickAndMorty.app */,
				B309E98E2A475A9900E098BF /* RickAndMortyTests.xctest */,
				B309E9982A475A9900E098BF /* RickAndMortyUITests.xctest */,
				B38D121F2A4762F300639701 /* STScenes.framework */,
				B38D12302A47630E00639701 /* STCore.framework */,
				B38D12402A47632500639701 /* STNetwork.framework */,
				B38D12502A47634800639701 /* STEntities.framework */,
				B38D12602A47637000639701 /* STComponents.framework */,
			);
			name = Products;
			sourceTree = "<group>";
		};
		B309E9802A475A9800E098BF /* RickAndMorty */ = {
			isa = PBXGroup;
			children = (
				B38D12192A47602800639701 /* Info.plist */,
				B309E9812A475A9800E098BF /* RickAndMortyApp.swift */,
				B309E9832A475A9800E098BF /* ContentView.swift */,
				B309E9872A475A9900E098BF /* Preview Content */,
			);
			path = RickAndMorty;
			sourceTree = "<group>";
		};
		B309E9872A475A9900E098BF /* Preview Content */ = {
			isa = PBXGroup;
			children = (
				B309E9882A475A9900E098BF /* Preview Assets.xcassets */,
			);
			path = "Preview Content";
			sourceTree = "<group>";
		};
		B309E9912A475A9900E098BF /* RickAndMortyTests */ = {
			isa = PBXGroup;
			children = (
				B309E9922A475A9900E098BF /* RickAndMortyTests.swift */,
			);
			path = RickAndMortyTests;
			sourceTree = "<group>";
		};
		B309E99B2A475A9900E098BF /* RickAndMortyUITests */ = {
			isa = PBXGroup;
			children = (
				B309E99C2A475A9900E098BF /* RickAndMortyUITests.swift */,
				B309E99E2A475A9900E098BF /* RickAndMortyUITestsLaunchTests.swift */,
			);
			path = RickAndMortyUITests;
			sourceTree = "<group>";
		};
		B30B386B2A49814E00FB7E26 /* Extensions */ = {
			isa = PBXGroup;
			children = (
				B30B386C2A49816500FB7E26 /* BundleExtensions.swift */,
			);
			path = Extensions;
			sourceTree = "<group>";
		};
		B30B386E2A49816B00FB7E26 /* Extensions */ = {
			isa = PBXGroup;
			children = (
				B30B38782A49821C00FB7E26 /* BundleExtensions.swift */,
			);
			path = Extensions;
			sourceTree = "<group>";
		};
		B30B386F2A4981A000FB7E26 /* Extensions */ = {
			isa = PBXGroup;
			children = (
				B30B38762A49821300FB7E26 /* BundleExtensions.swift */,
			);
			path = Extensions;
			sourceTree = "<group>";
		};
		B30B38702A4981AF00FB7E26 /* Extensions */ = {
			isa = PBXGroup;
			children = (
				B30B38742A49820A00FB7E26 /* BundleExtensions.swift */,
			);
			path = Extensions;
			sourceTree = "<group>";
		};
		B30B38712A4981BA00FB7E26 /* Extensions */ = {
			isa = PBXGroup;
			children = (
				B30B38722A4981FF00FB7E26 /* BundleExtensions.swift */,
			);
			path = Extensions;
			sourceTree = "<group>";
		};
		B30B387C2A49846400FB7E26 /* Helpers */ = {
			isa = PBXGroup;
			children = (
				B30B387D2A4984A000FB7E26 /* ImageConvertible.swift */,
				B30B387F2A49852500FB7E26 /* ComponentImage.swift */,
			);
			path = Helpers;
			sourceTree = "<group>";
		};
		B38D12202A4762F300639701 /* STScenes */ = {
			isa = PBXGroup;
			children = (
				B30B386B2A49814E00FB7E26 /* Extensions */,
				B38D12212A4762F300639701 /* STScenes.h */,
			);
			path = STScenes;
			sourceTree = "<group>";
		};
		B38D12312A47630E00639701 /* STCore */ = {
			isa = PBXGroup;
			children = (
				B30B386E2A49816B00FB7E26 /* Extensions */,
				B38D12322A47630E00639701 /* STCore.h */,
			);
			path = STCore;
			sourceTree = "<group>";
		};
		B38D12412A47632500639701 /* STNetwork */ = {
			isa = PBXGroup;
			children = (
				B30B386F2A4981A000FB7E26 /* Extensions */,
				B38D12422A47632500639701 /* STNetwork.h */,
			);
			path = STNetwork;
			sourceTree = "<group>";
		};
		B38D12512A47634800639701 /* STEntities */ = {
			isa = PBXGroup;
			children = (
				B30B38702A4981AF00FB7E26 /* Extensions */,
				B38D12522A47634800639701 /* STEntities.h */,
			);
			path = STEntities;
			sourceTree = "<group>";
		};
		B38D12612A47637000639701 /* STComponents */ = {
			isa = PBXGroup;
			children = (
				B30B387C2A49846400FB7E26 /* Helpers */,
				B30B38712A4981BA00FB7E26 /* Extensions */,
				B38D12622A47637000639701 /* STComponents.h */,
				B30B387A2A49845B00FB7E26 /* Assets.xcassets */,
			);
			path = STComponents;
			sourceTree = "<group>";
		};
		B38D12702A47666D00639701 /* Frameworks */ = {
			isa = PBXGroup;
			children = (
			);
			name = Frameworks;
			sourceTree = "<group>";
		};
/* End PBXGroup section */

/* Begin PBXHeadersBuildPhase section */
		B38D121A2A4762F300639701 /* Headers */ = {
			isa = PBXHeadersBuildPhase;
			buildActionMask = 2147483647;
			files = (
				B38D12222A4762F300639701 /* STScenes.h in Headers */,
			);
			runOnlyForDeploymentPostprocessing = 0;
		};
		B38D122B2A47630E00639701 /* Headers */ = {
			isa = PBXHeadersBuildPhase;
			buildActionMask = 2147483647;
			files = (
				B38D12332A47630E00639701 /* STCore.h in Headers */,
			);
			runOnlyForDeploymentPostprocessing = 0;
		};
		B38D123B2A47632500639701 /* Headers */ = {
			isa = PBXHeadersBuildPhase;
			buildActionMask = 2147483647;
			files = (
				B38D12432A47632500639701 /* STNetwork.h in Headers */,
			);
			runOnlyForDeploymentPostprocessing = 0;
		};
		B38D124B2A47634800639701 /* Headers */ = {
			isa = PBXHeadersBuildPhase;
			buildActionMask = 2147483647;
			files = (
				B38D12532A47634800639701 /* STEntities.h in Headers */,
			);
			runOnlyForDeploymentPostprocessing = 0;
		};
		B38D125B2A47637000639701 /* Headers */ = {
			isa = PBXHeadersBuildPhase;
			buildActionMask = 2147483647;
			files = (
				B38D12632A47637000639701 /* STComponents.h in Headers */,
			);
			runOnlyForDeploymentPostprocessing = 0;
		};
/* End PBXHeadersBuildPhase section */

/* Begin PBXNativeTarget section */
		B309E97D2A475A9800E098BF /* RickAndMorty */ = {
			isa = PBXNativeTarget;
			buildConfigurationList = B309E9A22A475A9900E098BF /* Build configuration list for PBXNativeTarget "RickAndMorty" */;
			buildPhases = (
				B309E97A2A475A9800E098BF /* Sources */,
				B309E97B2A475A9800E098BF /* Frameworks */,
				B309E97C2A475A9800E098BF /* Resources */,
				B38D12272A4762F300639701 /* Embed Frameworks */,
			);
			buildRules = (
			);
			dependencies = (
				B38D12242A4762F300639701 /* PBXTargetDependency */,
				B38D12352A47630E00639701 /* PBXTargetDependency */,
				B38D12452A47632500639701 /* PBXTargetDependency */,
				B38D12552A47634800639701 /* PBXTargetDependency */,
				B38D12652A47637000639701 /* PBXTargetDependency */,
			);
			name = RickAndMorty;
			packageProductDependencies = (
				B38D126C2A4765FD00639701 /* Alamofire */,
			);
			productName = RickAndMorty;
			productReference = B309E97E2A475A9800E098BF /* RickAndMorty.app */;
			productType = "com.apple.product-type.application";
		};
		B309E98D2A475A9900E098BF /* RickAndMortyTests */ = {
			isa = PBXNativeTarget;
			buildConfigurationList = B309E9A52A475A9900E098BF /* Build configuration list for PBXNativeTarget "RickAndMortyTests" */;
			buildPhases = (
				B309E98A2A475A9900E098BF /* Sources */,
				B309E98B2A475A9900E098BF /* Frameworks */,
				B309E98C2A475A9900E098BF /* Resources */,
			);
			buildRules = (
			);
			dependencies = (
				B309E9902A475A9900E098BF /* PBXTargetDependency */,
			);
			name = RickAndMortyTests;
			productName = RickAndMortyTests;
			productReference = B309E98E2A475A9900E098BF /* RickAndMortyTests.xctest */;
			productType = "com.apple.product-type.bundle.unit-test";
		};
		B309E9972A475A9900E098BF /* RickAndMortyUITests */ = {
			isa = PBXNativeTarget;
			buildConfigurationList = B309E9A82A475A9900E098BF /* Build configuration list for PBXNativeTarget "RickAndMortyUITests" */;
			buildPhases = (
				B309E9942A475A9900E098BF /* Sources */,
				B309E9952A475A9900E098BF /* Frameworks */,
				B309E9962A475A9900E098BF /* Resources */,
			);
			buildRules = (
			);
			dependencies = (
				B309E99A2A475A9900E098BF /* PBXTargetDependency */,
			);
			name = RickAndMortyUITests;
			productName = RickAndMortyUITests;
			productReference = B309E9982A475A9900E098BF /* RickAndMortyUITests.xctest */;
			productType = "com.apple.product-type.bundle.ui-testing";
		};
		B38D121E2A4762F300639701 /* STScenes */ = {
			isa = PBXNativeTarget;
			buildConfigurationList = B38D122A2A4762F300639701 /* Build configuration list for PBXNativeTarget "STScenes" */;
			buildPhases = (
				B38D121A2A4762F300639701 /* Headers */,
				B38D121B2A4762F300639701 /* Sources */,
				B38D121C2A4762F300639701 /* Frameworks */,
				B38D121D2A4762F300639701 /* Resources */,
			);
			buildRules = (
			);
			dependencies = (
			);
			name = STScenes;
			productName = STScenes;
			productReference = B38D121F2A4762F300639701 /* STScenes.framework */;
			productType = "com.apple.product-type.framework";
		};
		B38D122F2A47630E00639701 /* STCore */ = {
			isa = PBXNativeTarget;
			buildConfigurationList = B38D12382A47630E00639701 /* Build configuration list for PBXNativeTarget "STCore" */;
			buildPhases = (
				B38D122B2A47630E00639701 /* Headers */,
				B38D122C2A47630E00639701 /* Sources */,
				B38D122D2A47630E00639701 /* Frameworks */,
				B38D122E2A47630E00639701 /* Resources */,
			);
			buildRules = (
			);
			dependencies = (
			);
			name = STCore;
			productName = STCore;
			productReference = B38D12302A47630E00639701 /* STCore.framework */;
			productType = "com.apple.product-type.framework";
		};
		B38D123F2A47632500639701 /* STNetwork */ = {
			isa = PBXNativeTarget;
			buildConfigurationList = B38D12482A47632500639701 /* Build configuration list for PBXNativeTarget "STNetwork" */;
			buildPhases = (
				B38D123B2A47632500639701 /* Headers */,
				B38D123C2A47632500639701 /* Sources */,
				B38D123D2A47632500639701 /* Frameworks */,
				B38D123E2A47632500639701 /* Resources */,
			);
			buildRules = (
			);
			dependencies = (
			);
			name = STNetwork;
			packageProductDependencies = (
				B38D12712A47666D00639701 /* Alamofire */,
			);
			productName = STNetwork;
			productReference = B38D12402A47632500639701 /* STNetwork.framework */;
			productType = "com.apple.product-type.framework";
		};
		B38D124F2A47634800639701 /* STEntities */ = {
			isa = PBXNativeTarget;
			buildConfigurationList = B38D12582A47634800639701 /* Build configuration list for PBXNativeTarget "STEntities" */;
			buildPhases = (
				B38D124B2A47634800639701 /* Headers */,
				B38D124C2A47634800639701 /* Sources */,
				B38D124D2A47634800639701 /* Frameworks */,
				B38D124E2A47634800639701 /* Resources */,
			);
			buildRules = (
			);
			dependencies = (
			);
			name = STEntities;
			productName = STEntities;
			productReference = B38D12502A47634800639701 /* STEntities.framework */;
			productType = "com.apple.product-type.framework";
		};
		B38D125F2A47637000639701 /* STComponents */ = {
			isa = PBXNativeTarget;
			buildConfigurationList = B38D12682A47637000639701 /* Build configuration list for PBXNativeTarget "STComponents" */;
			buildPhases = (
				B38D125B2A47637000639701 /* Headers */,
				B38D125C2A47637000639701 /* Sources */,
				B38D125D2A47637000639701 /* Frameworks */,
				B38D125E2A47637000639701 /* Resources */,
			);
			buildRules = (
			);
			dependencies = (
			);
			name = STComponents;
			productName = STComponents;
			productReference = B38D12602A47637000639701 /* STComponents.framework */;
			productType = "com.apple.product-type.framework";
		};
/* End PBXNativeTarget section */

/* Begin PBXProject section */
		B309E9762A475A9800E098BF /* Project object */ = {
			isa = PBXProject;
			attributes = {
				BuildIndependentTargetsInParallel = 1;
				LastSwiftUpdateCheck = 1420;
				LastUpgradeCheck = 1420;
				TargetAttributes = {
					B309E97D2A475A9800E098BF = {
						CreatedOnToolsVersion = 14.2;
					};
					B309E98D2A475A9900E098BF = {
						CreatedOnToolsVersion = 14.2;
						TestTargetID = B309E97D2A475A9800E098BF;
					};
					B309E9972A475A9900E098BF = {
						CreatedOnToolsVersion = 14.2;
						TestTargetID = B309E97D2A475A9800E098BF;
					};
					B38D121E2A4762F300639701 = {
						CreatedOnToolsVersion = 14.2;
						LastSwiftMigration = 1420;
					};
					B38D122F2A47630E00639701 = {
						CreatedOnToolsVersion = 14.2;
						LastSwiftMigration = 1420;
					};
					B38D123F2A47632500639701 = {
						CreatedOnToolsVersion = 14.2;
						LastSwiftMigration = 1420;
					};
					B38D124F2A47634800639701 = {
						CreatedOnToolsVersion = 14.2;
						LastSwiftMigration = 1420;
					};
					B38D125F2A47637000639701 = {
						CreatedOnToolsVersion = 14.2;
						LastSwiftMigration = 1420;
					};
				};
			};
			buildConfigurationList = B309E9792A475A9800E098BF /* Build configuration list for PBXProject "RickAndMorty" */;
			compatibilityVersion = "Xcode 14.0";
			developmentRegion = en;
			hasScannedForEncodings = 0;
			knownRegions = (
				en,
				Base,
			);
			mainGroup = B309E9752A475A9800E098BF;
			packageReferences = (
				B38D126B2A4765FD00639701 /* XCRemoteSwiftPackageReference "Alamofire" */,
			);
			productRefGroup = B309E97F2A475A9800E098BF /* Products */;
			projectDirPath = "";
			projectRoot = "";
			targets = (
				B309E97D2A475A9800E098BF /* RickAndMorty */,
				B309E98D2A475A9900E098BF /* RickAndMortyTests */,
				B309E9972A475A9900E098BF /* RickAndMortyUITests */,
				B38D121E2A4762F300639701 /* STScenes */,
				B38D122F2A47630E00639701 /* STCore */,
				B38D123F2A47632500639701 /* STNetwork */,
				B38D124F2A47634800639701 /* STEntities */,
				B38D125F2A47637000639701 /* STComponents */,
			);
		};
/* End PBXProject section */

/* Begin PBXResourcesBuildPhase section */
		B309E97C2A475A9800E098BF /* Resources */ = {
			isa = PBXResourcesBuildPhase;
			buildActionMask = 2147483647;
			files = (
				B309E9892A475A9900E098BF /* Preview Assets.xcassets in Resources */,
			);
			runOnlyForDeploymentPostprocessing = 0;
		};
		B309E98C2A475A9900E098BF /* Resources */ = {
			isa = PBXResourcesBuildPhase;
			buildActionMask = 2147483647;
			files = (
			);
			runOnlyForDeploymentPostprocessing = 0;
		};
		B309E9962A475A9900E098BF /* Resources */ = {
			isa = PBXResourcesBuildPhase;
			buildActionMask = 2147483647;
			files = (
			);
			runOnlyForDeploymentPostprocessing = 0;
		};
		B38D121D2A4762F300639701 /* Resources */ = {
			isa = PBXResourcesBuildPhase;
			buildActionMask = 2147483647;
			files = (
			);
			runOnlyForDeploymentPostprocessing = 0;
		};
		B38D122E2A47630E00639701 /* Resources */ = {
			isa = PBXResourcesBuildPhase;
			buildActionMask = 2147483647;
			files = (
			);
			runOnlyForDeploymentPostprocessing = 0;
		};
		B38D123E2A47632500639701 /* Resources */ = {
			isa = PBXResourcesBuildPhase;
			buildActionMask = 2147483647;
			files = (
			);
			runOnlyForDeploymentPostprocessing = 0;
		};
		B38D124E2A47634800639701 /* Resources */ = {
			isa = PBXResourcesBuildPhase;
			buildActionMask = 2147483647;
			files = (
			);
			runOnlyForDeploymentPostprocessing = 0;
		};
		B38D125E2A47637000639701 /* Resources */ = {
			isa = PBXResourcesBuildPhase;
			buildActionMask = 2147483647;
			files = (
				B30B387B2A49845B00FB7E26 /* Assets.xcassets in Resources */,
			);
			runOnlyForDeploymentPostprocessing = 0;
		};
/* End PBXResourcesBuildPhase section */

/* Begin PBXSourcesBuildPhase section */
		B309E97A2A475A9800E098BF /* Sources */ = {
			isa = PBXSourcesBuildPhase;
			buildActionMask = 2147483647;
			files = (
				B309E9842A475A9800E098BF /* ContentView.swift in Sources */,
				B309E9822A475A9800E098BF /* RickAndMortyApp.swift in Sources */,
			);
			runOnlyForDeploymentPostprocessing = 0;
		};
		B309E98A2A475A9900E098BF /* Sources */ = {
			isa = PBXSourcesBuildPhase;
			buildActionMask = 2147483647;
			files = (
				B309E9932A475A9900E098BF /* RickAndMortyTests.swift in Sources */,
			);
			runOnlyForDeploymentPostprocessing = 0;
		};
		B309E9942A475A9900E098BF /* Sources */ = {
			isa = PBXSourcesBuildPhase;
			buildActionMask = 2147483647;
			files = (
				B309E99D2A475A9900E098BF /* RickAndMortyUITests.swift in Sources */,
				B309E99F2A475A9900E098BF /* RickAndMortyUITestsLaunchTests.swift in Sources */,
			);
			runOnlyForDeploymentPostprocessing = 0;
		};
		B38D121B2A4762F300639701 /* Sources */ = {
			isa = PBXSourcesBuildPhase;
			buildActionMask = 2147483647;
			files = (
				B30B386D2A49816500FB7E26 /* BundleExtensions.swift in Sources */,
			);
			runOnlyForDeploymentPostprocessing = 0;
		};
		B38D122C2A47630E00639701 /* Sources */ = {
			isa = PBXSourcesBuildPhase;
			buildActionMask = 2147483647;
			files = (
				B30B38792A49821C00FB7E26 /* BundleExtensions.swift in Sources */,
			);
			runOnlyForDeploymentPostprocessing = 0;
		};
		B38D123C2A47632500639701 /* Sources */ = {
			isa = PBXSourcesBuildPhase;
			buildActionMask = 2147483647;
			files = (
				B30B38772A49821300FB7E26 /* BundleExtensions.swift in Sources */,
			);
			runOnlyForDeploymentPostprocessing = 0;
		};
		B38D124C2A47634800639701 /* Sources */ = {
			isa = PBXSourcesBuildPhase;
			buildActionMask = 2147483647;
			files = (
				B30B38752A49820A00FB7E26 /* BundleExtensions.swift in Sources */,
			);
			runOnlyForDeploymentPostprocessing = 0;
		};
		B38D125C2A47637000639701 /* Sources */ = {
			isa = PBXSourcesBuildPhase;
			buildActionMask = 2147483647;
			files = (
				B30B38732A4981FF00FB7E26 /* BundleExtensions.swift in Sources */,
				B30B387E2A4984A000FB7E26 /* ImageConvertible.swift in Sources */,
				B30B38802A49852500FB7E26 /* ComponentImage.swift in Sources */,
			);
			runOnlyForDeploymentPostprocessing = 0;
		};
/* End PBXSourcesBuildPhase section */

/* Begin PBXTargetDependency section */
		B309E9902A475A9900E098BF /* PBXTargetDependency */ = {
			isa = PBXTargetDependency;
			target = B309E97D2A475A9800E098BF /* RickAndMorty */;
			targetProxy = B309E98F2A475A9900E098BF /* PBXContainerItemProxy */;
		};
		B309E99A2A475A9900E098BF /* PBXTargetDependency */ = {
			isa = PBXTargetDependency;
			target = B309E97D2A475A9800E098BF /* RickAndMorty */;
			targetProxy = B309E9992A475A9900E098BF /* PBXContainerItemProxy */;
		};
		B38D12242A4762F300639701 /* PBXTargetDependency */ = {
			isa = PBXTargetDependency;
			target = B38D121E2A4762F300639701 /* STScenes */;
			targetProxy = B38D12232A4762F300639701 /* PBXContainerItemProxy */;
		};
		B38D12352A47630E00639701 /* PBXTargetDependency */ = {
			isa = PBXTargetDependency;
			target = B38D122F2A47630E00639701 /* STCore */;
			targetProxy = B38D12342A47630E00639701 /* PBXContainerItemProxy */;
		};
		B38D12452A47632500639701 /* PBXTargetDependency */ = {
			isa = PBXTargetDependency;
			target = B38D123F2A47632500639701 /* STNetwork */;
			targetProxy = B38D12442A47632500639701 /* PBXContainerItemProxy */;
		};
		B38D12552A47634800639701 /* PBXTargetDependency */ = {
			isa = PBXTargetDependency;
			target = B38D124F2A47634800639701 /* STEntities */;
			targetProxy = B38D12542A47634800639701 /* PBXContainerItemProxy */;
		};
		B38D12652A47637000639701 /* PBXTargetDependency */ = {
			isa = PBXTargetDependency;
			target = B38D125F2A47637000639701 /* STComponents */;
			targetProxy = B38D12642A47637000639701 /* PBXContainerItemProxy */;
		};
/* End PBXTargetDependency section */

/* Begin XCBuildConfiguration section */
		B309E9A02A475A9900E098BF /* Debug */ = {
			isa = XCBuildConfiguration;
			buildSettings = {
				ALWAYS_SEARCH_USER_PATHS = NO;
				CLANG_ANALYZER_NONNULL = YES;
				CLANG_ANALYZER_NUMBER_OBJECT_CONVERSION = YES_AGGRESSIVE;
				CLANG_CXX_LANGUAGE_STANDARD = "gnu++20";
				CLANG_ENABLE_MODULES = YES;
				CLANG_ENABLE_OBJC_ARC = YES;
				CLANG_ENABLE_OBJC_WEAK = YES;
				CLANG_WARN_BLOCK_CAPTURE_AUTORELEASING = YES;
				CLANG_WARN_BOOL_CONVERSION = YES;
				CLANG_WARN_COMMA = YES;
				CLANG_WARN_CONSTANT_CONVERSION = YES;
				CLANG_WARN_DEPRECATED_OBJC_IMPLEMENTATIONS = YES;
				CLANG_WARN_DIRECT_OBJC_ISA_USAGE = YES_ERROR;
				CLANG_WARN_DOCUMENTATION_COMMENTS = YES;
				CLANG_WARN_EMPTY_BODY = YES;
				CLANG_WARN_ENUM_CONVERSION = YES;
				CLANG_WARN_INFINITE_RECURSION = YES;
				CLANG_WARN_INT_CONVERSION = YES;
				CLANG_WARN_NON_LITERAL_NULL_CONVERSION = YES;
				CLANG_WARN_OBJC_IMPLICIT_RETAIN_SELF = YES;
				CLANG_WARN_OBJC_LITERAL_CONVERSION = YES;
				CLANG_WARN_OBJC_ROOT_CLASS = YES_ERROR;
				CLANG_WARN_QUOTED_INCLUDE_IN_FRAMEWORK_HEADER = YES;
				CLANG_WARN_RANGE_LOOP_ANALYSIS = YES;
				CLANG_WARN_STRICT_PROTOTYPES = YES;
				CLANG_WARN_SUSPICIOUS_MOVE = YES;
				CLANG_WARN_UNGUARDED_AVAILABILITY = YES_AGGRESSIVE;
				CLANG_WARN_UNREACHABLE_CODE = YES;
				CLANG_WARN__DUPLICATE_METHOD_MATCH = YES;
				COPY_PHASE_STRIP = NO;
				DEBUG_INFORMATION_FORMAT = dwarf;
				ENABLE_STRICT_OBJC_MSGSEND = YES;
				ENABLE_TESTABILITY = YES;
				GCC_C_LANGUAGE_STANDARD = gnu11;
				GCC_DYNAMIC_NO_PIC = NO;
				GCC_NO_COMMON_BLOCKS = YES;
				GCC_OPTIMIZATION_LEVEL = 0;
				GCC_PREPROCESSOR_DEFINITIONS = (
					"DEBUG=1",
					"$(inherited)",
				);
				GCC_WARN_64_TO_32_BIT_CONVERSION = YES;
				GCC_WARN_ABOUT_RETURN_TYPE = YES_ERROR;
				GCC_WARN_UNDECLARED_SELECTOR = YES;
				GCC_WARN_UNINITIALIZED_AUTOS = YES_AGGRESSIVE;
				GCC_WARN_UNUSED_FUNCTION = YES;
				GCC_WARN_UNUSED_VARIABLE = YES;
				IPHONEOS_DEPLOYMENT_TARGET = 16.2;
				MTL_ENABLE_DEBUG_INFO = INCLUDE_SOURCE;
				MTL_FAST_MATH = YES;
				ONLY_ACTIVE_ARCH = YES;
				SDKROOT = iphoneos;
				SWIFT_ACTIVE_COMPILATION_CONDITIONS = DEBUG;
				SWIFT_OPTIMIZATION_LEVEL = "-Onone";
			};
			name = Debug;
		};
		B309E9A12A475A9900E098BF /* Release */ = {
			isa = XCBuildConfiguration;
			buildSettings = {
				ALWAYS_SEARCH_USER_PATHS = NO;
				CLANG_ANALYZER_NONNULL = YES;
				CLANG_ANALYZER_NUMBER_OBJECT_CONVERSION = YES_AGGRESSIVE;
				CLANG_CXX_LANGUAGE_STANDARD = "gnu++20";
				CLANG_ENABLE_MODULES = YES;
				CLANG_ENABLE_OBJC_ARC = YES;
				CLANG_ENABLE_OBJC_WEAK = YES;
				CLANG_WARN_BLOCK_CAPTURE_AUTORELEASING = YES;
				CLANG_WARN_BOOL_CONVERSION = YES;
				CLANG_WARN_COMMA = YES;
				CLANG_WARN_CONSTANT_CONVERSION = YES;
				CLANG_WARN_DEPRECATED_OBJC_IMPLEMENTATIONS = YES;
				CLANG_WARN_DIRECT_OBJC_ISA_USAGE = YES_ERROR;
				CLANG_WARN_DOCUMENTATION_COMMENTS = YES;
				CLANG_WARN_EMPTY_BODY = YES;
				CLANG_WARN_ENUM_CONVERSION = YES;
				CLANG_WARN_INFINITE_RECURSION = YES;
				CLANG_WARN_INT_CONVERSION = YES;
				CLANG_WARN_NON_LITERAL_NULL_CONVERSION = YES;
				CLANG_WARN_OBJC_IMPLICIT_RETAIN_SELF = YES;
				CLANG_WARN_OBJC_LITERAL_CONVERSION = YES;
				CLANG_WARN_OBJC_ROOT_CLASS = YES_ERROR;
				CLANG_WARN_QUOTED_INCLUDE_IN_FRAMEWORK_HEADER = YES;
				CLANG_WARN_RANGE_LOOP_ANALYSIS = YES;
				CLANG_WARN_STRICT_PROTOTYPES = YES;
				CLANG_WARN_SUSPICIOUS_MOVE = YES;
				CLANG_WARN_UNGUARDED_AVAILABILITY = YES_AGGRESSIVE;
				CLANG_WARN_UNREACHABLE_CODE = YES;
				CLANG_WARN__DUPLICATE_METHOD_MATCH = YES;
				COPY_PHASE_STRIP = NO;
				DEBUG_INFORMATION_FORMAT = "dwarf-with-dsym";
				ENABLE_NS_ASSERTIONS = NO;
				ENABLE_STRICT_OBJC_MSGSEND = YES;
				GCC_C_LANGUAGE_STANDARD = gnu11;
				GCC_NO_COMMON_BLOCKS = YES;
				GCC_WARN_64_TO_32_BIT_CONVERSION = YES;
				GCC_WARN_ABOUT_RETURN_TYPE = YES_ERROR;
				GCC_WARN_UNDECLARED_SELECTOR = YES;
				GCC_WARN_UNINITIALIZED_AUTOS = YES_AGGRESSIVE;
				GCC_WARN_UNUSED_FUNCTION = YES;
				GCC_WARN_UNUSED_VARIABLE = YES;
				IPHONEOS_DEPLOYMENT_TARGET = 16.2;
				MTL_ENABLE_DEBUG_INFO = NO;
				MTL_FAST_MATH = YES;
				SDKROOT = iphoneos;
				SWIFT_COMPILATION_MODE = wholemodule;
				SWIFT_OPTIMIZATION_LEVEL = "-O";
				VALIDATE_PRODUCT = YES;
			};
			name = Release;
		};
		B309E9A32A475A9900E098BF /* Debug */ = {
			isa = XCBuildConfiguration;
			buildSettings = {
				ALWAYS_EMBED_SWIFT_STANDARD_LIBRARIES = YES;
				ASSETCATALOG_COMPILER_GLOBAL_ACCENT_COLOR_NAME = AccentColor;
				CODE_SIGN_STYLE = Automatic;
				CURRENT_PROJECT_VERSION = 1;
				DEVELOPMENT_ASSET_PATHS = "\"RickAndMorty/Preview Content\"";
				DEVELOPMENT_TEAM = 4C2D4G4S6B;
				ENABLE_PREVIEWS = YES;
				GENERATE_INFOPLIST_FILE = YES;
				INFOPLIST_FILE = RickAndMorty/Info.plist;
				INFOPLIST_KEY_UIApplicationSupportsIndirectInputEvents = YES;
				INFOPLIST_KEY_UILaunchScreen_Generation = YES;
				INFOPLIST_KEY_UISupportedInterfaceOrientations_iPad = "UIInterfaceOrientationPortrait UIInterfaceOrientationPortraitUpsideDown UIInterfaceOrientationLandscapeLeft UIInterfaceOrientationLandscapeRight";
				INFOPLIST_KEY_UISupportedInterfaceOrientations_iPhone = "UIInterfaceOrientationPortrait UIInterfaceOrientationLandscapeLeft UIInterfaceOrientationLandscapeRight";
				LD_RUNPATH_SEARCH_PATHS = (
					"$(inherited)",
					"@executable_path/Frameworks",
				);
				MARKETING_VERSION = 1.0;
				PRODUCT_BUNDLE_IDENTIFIER = toysemih.com.RickAndMorty;
				PRODUCT_NAME = "$(TARGET_NAME)";
				SWIFT_EMIT_LOC_STRINGS = YES;
				SWIFT_VERSION = 5.0;
				TARGETED_DEVICE_FAMILY = "1,2";
			};
			name = Debug;
		};
		B309E9A42A475A9900E098BF /* Release */ = {
			isa = XCBuildConfiguration;
			buildSettings = {
				ALWAYS_EMBED_SWIFT_STANDARD_LIBRARIES = YES;
				ASSETCATALOG_COMPILER_GLOBAL_ACCENT_COLOR_NAME = AccentColor;
				CODE_SIGN_STYLE = Automatic;
				CURRENT_PROJECT_VERSION = 1;
				DEVELOPMENT_ASSET_PATHS = "\"RickAndMorty/Preview Content\"";
				DEVELOPMENT_TEAM = 4C2D4G4S6B;
				ENABLE_PREVIEWS = YES;
				GENERATE_INFOPLIST_FILE = YES;
				INFOPLIST_FILE = RickAndMorty/Info.plist;
				INFOPLIST_KEY_UIApplicationSupportsIndirectInputEvents = YES;
				INFOPLIST_KEY_UILaunchScreen_Generation = YES;
				INFOPLIST_KEY_UISupportedInterfaceOrientations_iPad = "UIInterfaceOrientationPortrait UIInterfaceOrientationPortraitUpsideDown UIInterfaceOrientationLandscapeLeft UIInterfaceOrientationLandscapeRight";
				INFOPLIST_KEY_UISupportedInterfaceOrientations_iPhone = "UIInterfaceOrientationPortrait UIInterfaceOrientationLandscapeLeft UIInterfaceOrientationLandscapeRight";
				LD_RUNPATH_SEARCH_PATHS = (
					"$(inherited)",
					"@executable_path/Frameworks",
				);
				MARKETING_VERSION = 1.0;
				PRODUCT_BUNDLE_IDENTIFIER = toysemih.com.RickAndMorty;
				PRODUCT_NAME = "$(TARGET_NAME)";
				SWIFT_EMIT_LOC_STRINGS = YES;
				SWIFT_VERSION = 5.0;
				TARGETED_DEVICE_FAMILY = "1,2";
			};
			name = Release;
		};
		B309E9A62A475A9900E098BF /* Debug */ = {
			isa = XCBuildConfiguration;
			buildSettings = {
				ALWAYS_EMBED_SWIFT_STANDARD_LIBRARIES = YES;
				BUNDLE_LOADER = "$(TEST_HOST)";
				CODE_SIGN_STYLE = Automatic;
				CURRENT_PROJECT_VERSION = 1;
				DEVELOPMENT_TEAM = 4C2D4G4S6B;
				GENERATE_INFOPLIST_FILE = YES;
				IPHONEOS_DEPLOYMENT_TARGET = 16.2;
				MARKETING_VERSION = 1.0;
				PRODUCT_BUNDLE_IDENTIFIER = toysemih.com.RickAndMortyTests;
				PRODUCT_NAME = "$(TARGET_NAME)";
				SWIFT_EMIT_LOC_STRINGS = NO;
				SWIFT_VERSION = 5.0;
				TARGETED_DEVICE_FAMILY = "1,2";
				TEST_HOST = "$(BUILT_PRODUCTS_DIR)/RickAndMorty.app/$(BUNDLE_EXECUTABLE_FOLDER_PATH)/RickAndMorty";
			};
			name = Debug;
		};
		B309E9A72A475A9900E098BF /* Release */ = {
			isa = XCBuildConfiguration;
			buildSettings = {
				ALWAYS_EMBED_SWIFT_STANDARD_LIBRARIES = YES;
				BUNDLE_LOADER = "$(TEST_HOST)";
				CODE_SIGN_STYLE = Automatic;
				CURRENT_PROJECT_VERSION = 1;
				DEVELOPMENT_TEAM = 4C2D4G4S6B;
				GENERATE_INFOPLIST_FILE = YES;
				IPHONEOS_DEPLOYMENT_TARGET = 16.2;
				MARKETING_VERSION = 1.0;
				PRODUCT_BUNDLE_IDENTIFIER = toysemih.com.RickAndMortyTests;
				PRODUCT_NAME = "$(TARGET_NAME)";
				SWIFT_EMIT_LOC_STRINGS = NO;
				SWIFT_VERSION = 5.0;
				TARGETED_DEVICE_FAMILY = "1,2";
				TEST_HOST = "$(BUILT_PRODUCTS_DIR)/RickAndMorty.app/$(BUNDLE_EXECUTABLE_FOLDER_PATH)/RickAndMorty";
			};
			name = Release;
		};
		B309E9A92A475A9900E098BF /* Debug */ = {
			isa = XCBuildConfiguration;
			buildSettings = {
				ALWAYS_EMBED_SWIFT_STANDARD_LIBRARIES = YES;
				CODE_SIGN_STYLE = Automatic;
				CURRENT_PROJECT_VERSION = 1;
				DEVELOPMENT_TEAM = 4C2D4G4S6B;
				GENERATE_INFOPLIST_FILE = YES;
				MARKETING_VERSION = 1.0;
				PRODUCT_BUNDLE_IDENTIFIER = toysemih.com.RickAndMortyUITests;
				PRODUCT_NAME = "$(TARGET_NAME)";
				SWIFT_EMIT_LOC_STRINGS = NO;
				SWIFT_VERSION = 5.0;
				TARGETED_DEVICE_FAMILY = "1,2";
				TEST_TARGET_NAME = RickAndMorty;
			};
			name = Debug;
		};
		B309E9AA2A475A9900E098BF /* Release */ = {
			isa = XCBuildConfiguration;
			buildSettings = {
				ALWAYS_EMBED_SWIFT_STANDARD_LIBRARIES = YES;
				CODE_SIGN_STYLE = Automatic;
				CURRENT_PROJECT_VERSION = 1;
				DEVELOPMENT_TEAM = 4C2D4G4S6B;
				GENERATE_INFOPLIST_FILE = YES;
				MARKETING_VERSION = 1.0;
				PRODUCT_BUNDLE_IDENTIFIER = toysemih.com.RickAndMortyUITests;
				PRODUCT_NAME = "$(TARGET_NAME)";
				SWIFT_EMIT_LOC_STRINGS = NO;
				SWIFT_VERSION = 5.0;
				TARGETED_DEVICE_FAMILY = "1,2";
				TEST_TARGET_NAME = RickAndMorty;
			};
			name = Release;
		};
		B38D12282A4762F300639701 /* Debug */ = {
			isa = XCBuildConfiguration;
			buildSettings = {
				CLANG_ENABLE_MODULES = YES;
				CODE_SIGN_STYLE = Automatic;
				CURRENT_PROJECT_VERSION = 1;
				DEFINES_MODULE = YES;
				DEVELOPMENT_TEAM = 4C2D4G4S6B;
				DYLIB_COMPATIBILITY_VERSION = 1;
				DYLIB_CURRENT_VERSION = 1;
				DYLIB_INSTALL_NAME_BASE = "@rpath";
				GENERATE_INFOPLIST_FILE = YES;
				INFOPLIST_KEY_NSHumanReadableCopyright = "";
				INSTALL_PATH = "$(LOCAL_LIBRARY_DIR)/Frameworks";
				LD_RUNPATH_SEARCH_PATHS = (
					"$(inherited)",
					"@executable_path/Frameworks",
					"@loader_path/Frameworks",
				);
				MARKETING_VERSION = 1.0;
				PRODUCT_BUNDLE_IDENTIFIER = toysemih.com.STScenes;
				PRODUCT_NAME = "$(TARGET_NAME:c99extidentifier)";
				SKIP_INSTALL = YES;
				SWIFT_EMIT_LOC_STRINGS = YES;
				SWIFT_OPTIMIZATION_LEVEL = "-Onone";
				SWIFT_VERSION = 5.0;
				TARGETED_DEVICE_FAMILY = "1,2";
				VERSIONING_SYSTEM = "apple-generic";
				VERSION_INFO_PREFIX = "";
			};
			name = Debug;
		};
		B38D12292A4762F300639701 /* Release */ = {
			isa = XCBuildConfiguration;
			buildSettings = {
				CLANG_ENABLE_MODULES = YES;
				CODE_SIGN_STYLE = Automatic;
				CURRENT_PROJECT_VERSION = 1;
				DEFINES_MODULE = YES;
				DEVELOPMENT_TEAM = 4C2D4G4S6B;
				DYLIB_COMPATIBILITY_VERSION = 1;
				DYLIB_CURRENT_VERSION = 1;
				DYLIB_INSTALL_NAME_BASE = "@rpath";
				GENERATE_INFOPLIST_FILE = YES;
				INFOPLIST_KEY_NSHumanReadableCopyright = "";
				INSTALL_PATH = "$(LOCAL_LIBRARY_DIR)/Frameworks";
				LD_RUNPATH_SEARCH_PATHS = (
					"$(inherited)",
					"@executable_path/Frameworks",
					"@loader_path/Frameworks",
				);
				MARKETING_VERSION = 1.0;
				PRODUCT_BUNDLE_IDENTIFIER = toysemih.com.STScenes;
				PRODUCT_NAME = "$(TARGET_NAME:c99extidentifier)";
				SKIP_INSTALL = YES;
				SWIFT_EMIT_LOC_STRINGS = YES;
				SWIFT_VERSION = 5.0;
				TARGETED_DEVICE_FAMILY = "1,2";
				VERSIONING_SYSTEM = "apple-generic";
				VERSION_INFO_PREFIX = "";
			};
			name = Release;
		};
		B38D12392A47630E00639701 /* Debug */ = {
			isa = XCBuildConfiguration;
			buildSettings = {
				CLANG_ENABLE_MODULES = YES;
				CODE_SIGN_STYLE = Automatic;
				CURRENT_PROJECT_VERSION = 1;
				DEFINES_MODULE = YES;
				DEVELOPMENT_TEAM = 4C2D4G4S6B;
				DYLIB_COMPATIBILITY_VERSION = 1;
				DYLIB_CURRENT_VERSION = 1;
				DYLIB_INSTALL_NAME_BASE = "@rpath";
				GENERATE_INFOPLIST_FILE = YES;
				INFOPLIST_KEY_NSHumanReadableCopyright = "";
				INSTALL_PATH = "$(LOCAL_LIBRARY_DIR)/Frameworks";
				LD_RUNPATH_SEARCH_PATHS = (
					"$(inherited)",
					"@executable_path/Frameworks",
					"@loader_path/Frameworks",
				);
				MARKETING_VERSION = 1.0;
				PRODUCT_BUNDLE_IDENTIFIER = toysemih.com.STCore;
				PRODUCT_NAME = "$(TARGET_NAME:c99extidentifier)";
				SKIP_INSTALL = YES;
				SWIFT_EMIT_LOC_STRINGS = YES;
				SWIFT_OPTIMIZATION_LEVEL = "-Onone";
				SWIFT_VERSION = 5.0;
				TARGETED_DEVICE_FAMILY = "1,2";
				VERSIONING_SYSTEM = "apple-generic";
				VERSION_INFO_PREFIX = "";
			};
			name = Debug;
		};
		B38D123A2A47630E00639701 /* Release */ = {
			isa = XCBuildConfiguration;
			buildSettings = {
				CLANG_ENABLE_MODULES = YES;
				CODE_SIGN_STYLE = Automatic;
				CURRENT_PROJECT_VERSION = 1;
				DEFINES_MODULE = YES;
				DEVELOPMENT_TEAM = 4C2D4G4S6B;
				DYLIB_COMPATIBILITY_VERSION = 1;
				DYLIB_CURRENT_VERSION = 1;
				DYLIB_INSTALL_NAME_BASE = "@rpath";
				GENERATE_INFOPLIST_FILE = YES;
				INFOPLIST_KEY_NSHumanReadableCopyright = "";
				INSTALL_PATH = "$(LOCAL_LIBRARY_DIR)/Frameworks";
				LD_RUNPATH_SEARCH_PATHS = (
					"$(inherited)",
					"@executable_path/Frameworks",
					"@loader_path/Frameworks",
				);
				MARKETING_VERSION = 1.0;
				PRODUCT_BUNDLE_IDENTIFIER = toysemih.com.STCore;
				PRODUCT_NAME = "$(TARGET_NAME:c99extidentifier)";
				SKIP_INSTALL = YES;
				SWIFT_EMIT_LOC_STRINGS = YES;
				SWIFT_VERSION = 5.0;
				TARGETED_DEVICE_FAMILY = "1,2";
				VERSIONING_SYSTEM = "apple-generic";
				VERSION_INFO_PREFIX = "";
			};
			name = Release;
		};
		B38D12492A47632500639701 /* Debug */ = {
			isa = XCBuildConfiguration;
			buildSettings = {
				CLANG_ENABLE_MODULES = YES;
				CODE_SIGN_STYLE = Automatic;
				CURRENT_PROJECT_VERSION = 1;
				DEFINES_MODULE = YES;
				DEVELOPMENT_TEAM = 4C2D4G4S6B;
				DYLIB_COMPATIBILITY_VERSION = 1;
				DYLIB_CURRENT_VERSION = 1;
				DYLIB_INSTALL_NAME_BASE = "@rpath";
				GENERATE_INFOPLIST_FILE = YES;
				INFOPLIST_KEY_NSHumanReadableCopyright = "";
				INSTALL_PATH = "$(LOCAL_LIBRARY_DIR)/Frameworks";
				LD_RUNPATH_SEARCH_PATHS = (
					"$(inherited)",
					"@executable_path/Frameworks",
					"@loader_path/Frameworks",
				);
				MARKETING_VERSION = 1.0;
				PRODUCT_BUNDLE_IDENTIFIER = toysemih.com.STNetwork;
				PRODUCT_NAME = "$(TARGET_NAME:c99extidentifier)";
				SKIP_INSTALL = YES;
				SWIFT_EMIT_LOC_STRINGS = YES;
				SWIFT_OPTIMIZATION_LEVEL = "-Onone";
				SWIFT_VERSION = 5.0;
				TARGETED_DEVICE_FAMILY = "1,2";
				VERSIONING_SYSTEM = "apple-generic";
				VERSION_INFO_PREFIX = "";
			};
			name = Debug;
		};
		B38D124A2A47632500639701 /* Release */ = {
			isa = XCBuildConfiguration;
			buildSettings = {
				CLANG_ENABLE_MODULES = YES;
				CODE_SIGN_STYLE = Automatic;
				CURRENT_PROJECT_VERSION = 1;
				DEFINES_MODULE = YES;
				DEVELOPMENT_TEAM = 4C2D4G4S6B;
				DYLIB_COMPATIBILITY_VERSION = 1;
				DYLIB_CURRENT_VERSION = 1;
				DYLIB_INSTALL_NAME_BASE = "@rpath";
				GENERATE_INFOPLIST_FILE = YES;
				INFOPLIST_KEY_NSHumanReadableCopyright = "";
				INSTALL_PATH = "$(LOCAL_LIBRARY_DIR)/Frameworks";
				LD_RUNPATH_SEARCH_PATHS = (
					"$(inherited)",
					"@executable_path/Frameworks",
					"@loader_path/Frameworks",
				);
				MARKETING_VERSION = 1.0;
				PRODUCT_BUNDLE_IDENTIFIER = toysemih.com.STNetwork;
				PRODUCT_NAME = "$(TARGET_NAME:c99extidentifier)";
				SKIP_INSTALL = YES;
				SWIFT_EMIT_LOC_STRINGS = YES;
				SWIFT_VERSION = 5.0;
				TARGETED_DEVICE_FAMILY = "1,2";
				VERSIONING_SYSTEM = "apple-generic";
				VERSION_INFO_PREFIX = "";
			};
			name = Release;
		};
		B38D12592A47634800639701 /* Debug */ = {
			isa = XCBuildConfiguration;
			buildSettings = {
				CLANG_ENABLE_MODULES = YES;
				CODE_SIGN_STYLE = Automatic;
				CURRENT_PROJECT_VERSION = 1;
				DEFINES_MODULE = YES;
				DEVELOPMENT_TEAM = 4C2D4G4S6B;
				DYLIB_COMPATIBILITY_VERSION = 1;
				DYLIB_CURRENT_VERSION = 1;
				DYLIB_INSTALL_NAME_BASE = "@rpath";
				GENERATE_INFOPLIST_FILE = YES;
				INFOPLIST_KEY_NSHumanReadableCopyright = "";
				INSTALL_PATH = "$(LOCAL_LIBRARY_DIR)/Frameworks";
				LD_RUNPATH_SEARCH_PATHS = (
					"$(inherited)",
					"@executable_path/Frameworks",
					"@loader_path/Frameworks",
				);
				MARKETING_VERSION = 1.0;
				PRODUCT_BUNDLE_IDENTIFIER = toysemih.com.STEntities;
				PRODUCT_NAME = "$(TARGET_NAME:c99extidentifier)";
				SKIP_INSTALL = YES;
				SWIFT_EMIT_LOC_STRINGS = YES;
				SWIFT_OPTIMIZATION_LEVEL = "-Onone";
				SWIFT_VERSION = 5.0;
				TARGETED_DEVICE_FAMILY = "1,2";
				VERSIONING_SYSTEM = "apple-generic";
				VERSION_INFO_PREFIX = "";
			};
			name = Debug;
		};
		B38D125A2A47634800639701 /* Release */ = {
			isa = XCBuildConfiguration;
			buildSettings = {
				CLANG_ENABLE_MODULES = YES;
				CODE_SIGN_STYLE = Automatic;
				CURRENT_PROJECT_VERSION = 1;
				DEFINES_MODULE = YES;
				DEVELOPMENT_TEAM = 4C2D4G4S6B;
				DYLIB_COMPATIBILITY_VERSION = 1;
				DYLIB_CURRENT_VERSION = 1;
				DYLIB_INSTALL_NAME_BASE = "@rpath";
				GENERATE_INFOPLIST_FILE = YES;
				INFOPLIST_KEY_NSHumanReadableCopyright = "";
				INSTALL_PATH = "$(LOCAL_LIBRARY_DIR)/Frameworks";
				LD_RUNPATH_SEARCH_PATHS = (
					"$(inherited)",
					"@executable_path/Frameworks",
					"@loader_path/Frameworks",
				);
				MARKETING_VERSION = 1.0;
				PRODUCT_BUNDLE_IDENTIFIER = toysemih.com.STEntities;
				PRODUCT_NAME = "$(TARGET_NAME:c99extidentifier)";
				SKIP_INSTALL = YES;
				SWIFT_EMIT_LOC_STRINGS = YES;
				SWIFT_VERSION = 5.0;
				TARGETED_DEVICE_FAMILY = "1,2";
				VERSIONING_SYSTEM = "apple-generic";
				VERSION_INFO_PREFIX = "";
			};
			name = Release;
		};
		B38D12692A47637000639701 /* Debug */ = {
			isa = XCBuildConfiguration;
			buildSettings = {
				CLANG_ENABLE_MODULES = YES;
				CODE_SIGN_STYLE = Automatic;
				CURRENT_PROJECT_VERSION = 1;
				DEFINES_MODULE = YES;
				DEVELOPMENT_TEAM = 4C2D4G4S6B;
				DYLIB_COMPATIBILITY_VERSION = 1;
				DYLIB_CURRENT_VERSION = 1;
				DYLIB_INSTALL_NAME_BASE = "@rpath";
				GENERATE_INFOPLIST_FILE = YES;
				INFOPLIST_KEY_NSHumanReadableCopyright = "";
				INSTALL_PATH = "$(LOCAL_LIBRARY_DIR)/Frameworks";
				LD_RUNPATH_SEARCH_PATHS = (
					"$(inherited)",
					"@executable_path/Frameworks",
					"@loader_path/Frameworks",
				);
				MARKETING_VERSION = 1.0;
				PRODUCT_BUNDLE_IDENTIFIER = toysemih.com.STComponents;
				PRODUCT_NAME = "$(TARGET_NAME:c99extidentifier)";
				SKIP_INSTALL = YES;
				SWIFT_EMIT_LOC_STRINGS = YES;
				SWIFT_OPTIMIZATION_LEVEL = "-Onone";
				SWIFT_VERSION = 5.0;
				TARGETED_DEVICE_FAMILY = "1,2";
				VERSIONING_SYSTEM = "apple-generic";
				VERSION_INFO_PREFIX = "";
			};
			name = Debug;
		};
		B38D126A2A47637000639701 /* Release */ = {
			isa = XCBuildConfiguration;
			buildSettings = {
				CLANG_ENABLE_MODULES = YES;
				CODE_SIGN_STYLE = Automatic;
				CURRENT_PROJECT_VERSION = 1;
				DEFINES_MODULE = YES;
				DEVELOPMENT_TEAM = 4C2D4G4S6B;
				DYLIB_COMPATIBILITY_VERSION = 1;
				DYLIB_CURRENT_VERSION = 1;
				DYLIB_INSTALL_NAME_BASE = "@rpath";
				GENERATE_INFOPLIST_FILE = YES;
				INFOPLIST_KEY_NSHumanReadableCopyright = "";
				INSTALL_PATH = "$(LOCAL_LIBRARY_DIR)/Frameworks";
				LD_RUNPATH_SEARCH_PATHS = (
					"$(inherited)",
					"@executable_path/Frameworks",
					"@loader_path/Frameworks",
				);
				MARKETING_VERSION = 1.0;
				PRODUCT_BUNDLE_IDENTIFIER = toysemih.com.STComponents;
				PRODUCT_NAME = "$(TARGET_NAME:c99extidentifier)";
				SKIP_INSTALL = YES;
				SWIFT_EMIT_LOC_STRINGS = YES;
				SWIFT_VERSION = 5.0;
				TARGETED_DEVICE_FAMILY = "1,2";
				VERSIONING_SYSTEM = "apple-generic";
				VERSION_INFO_PREFIX = "";
			};
			name = Release;
		};
/* End XCBuildConfiguration section */

/* Begin XCConfigurationList section */
		B309E9792A475A9800E098BF /* Build configuration list for PBXProject "RickAndMorty" */ = {
			isa = XCConfigurationList;
			buildConfigurations = (
				B309E9A02A475A9900E098BF /* Debug */,
				B309E9A12A475A9900E098BF /* Release */,
			);
			defaultConfigurationIsVisible = 0;
			defaultConfigurationName = Release;
		};
		B309E9A22A475A9900E098BF /* Build configuration list for PBXNativeTarget "RickAndMorty" */ = {
			isa = XCConfigurationList;
			buildConfigurations = (
				B309E9A32A475A9900E098BF /* Debug */,
				B309E9A42A475A9900E098BF /* Release */,
			);
			defaultConfigurationIsVisible = 0;
			defaultConfigurationName = Release;
		};
		B309E9A52A475A9900E098BF /* Build configuration list for PBXNativeTarget "RickAndMortyTests" */ = {
			isa = XCConfigurationList;
			buildConfigurations = (
				B309E9A62A475A9900E098BF /* Debug */,
				B309E9A72A475A9900E098BF /* Release */,
			);
			defaultConfigurationIsVisible = 0;
			defaultConfigurationName = Release;
		};
		B309E9A82A475A9900E098BF /* Build configuration list for PBXNativeTarget "RickAndMortyUITests" */ = {
			isa = XCConfigurationList;
			buildConfigurations = (
				B309E9A92A475A9900E098BF /* Debug */,
				B309E9AA2A475A9900E098BF /* Release */,
			);
			defaultConfigurationIsVisible = 0;
			defaultConfigurationName = Release;
		};
		B38D122A2A4762F300639701 /* Build configuration list for PBXNativeTarget "STScenes" */ = {
			isa = XCConfigurationList;
			buildConfigurations = (
				B38D12282A4762F300639701 /* Debug */,
				B38D12292A4762F300639701 /* Release */,
			);
			defaultConfigurationIsVisible = 0;
			defaultConfigurationName = Release;
		};
		B38D12382A47630E00639701 /* Build configuration list for PBXNativeTarget "STCore" */ = {
			isa = XCConfigurationList;
			buildConfigurations = (
				B38D12392A47630E00639701 /* Debug */,
				B38D123A2A47630E00639701 /* Release */,
			);
			defaultConfigurationIsVisible = 0;
			defaultConfigurationName = Release;
		};
		B38D12482A47632500639701 /* Build configuration list for PBXNativeTarget "STNetwork" */ = {
			isa = XCConfigurationList;
			buildConfigurations = (
				B38D12492A47632500639701 /* Debug */,
				B38D124A2A47632500639701 /* Release */,
			);
			defaultConfigurationIsVisible = 0;
			defaultConfigurationName = Release;
		};
		B38D12582A47634800639701 /* Build configuration list for PBXNativeTarget "STEntities" */ = {
			isa = XCConfigurationList;
			buildConfigurations = (
				B38D12592A47634800639701 /* Debug */,
				B38D125A2A47634800639701 /* Release */,
			);
			defaultConfigurationIsVisible = 0;
			defaultConfigurationName = Release;
		};
		B38D12682A47637000639701 /* Build configuration list for PBXNativeTarget "STComponents" */ = {
			isa = XCConfigurationList;
			buildConfigurations = (
				B38D12692A47637000639701 /* Debug */,
				B38D126A2A47637000639701 /* Release */,
			);
			defaultConfigurationIsVisible = 0;
			defaultConfigurationName = Release;
		};
/* End XCConfigurationList section */

/* Begin XCRemoteSwiftPackageReference section */
		B38D126B2A4765FD00639701 /* XCRemoteSwiftPackageReference "Alamofire" */ = {
			isa = XCRemoteSwiftPackageReference;
			repositoryURL = "https://github.com/Alamofire/Alamofire";
			requirement = {
				kind = upToNextMajorVersion;
				minimumVersion = 5.0.0;
			};
		};
/* End XCRemoteSwiftPackageReference section */

/* Begin XCSwiftPackageProductDependency section */
		B38D126C2A4765FD00639701 /* Alamofire */ = {
			isa = XCSwiftPackageProductDependency;
			package = B38D126B2A4765FD00639701 /* XCRemoteSwiftPackageReference "Alamofire" */;
			productName = Alamofire;
		};
		B38D12712A47666D00639701 /* Alamofire */ = {
			isa = XCSwiftPackageProductDependency;
			package = B38D126B2A4765FD00639701 /* XCRemoteSwiftPackageReference "Alamofire" */;
			productName = Alamofire;
		};
/* End XCSwiftPackageProductDependency section */
	};
	rootObject = B309E9762A475A9800E098BF /* Project object */;
}
