// !$*UTF8*$!
{
	archiveVersion = 1;
	classes = {
	};
	objectVersion = 56;
	objects = {

/* Begin PBXBuildFile section */
		B30A99F32A7ECC59001434C9 /* RickAndMortyApp.swift in Sources */ = {isa = PBXBuildFile; fileRef = B30A99F22A7ECC59001434C9 /* RickAndMortyApp.swift */; };
		B30A99F72A7ECC5A001434C9 /* Assets.xcassets in Resources */ = {isa = PBXBuildFile; fileRef = B30A99F62A7ECC5A001434C9 /* Assets.xcassets */; };
		B30A99FA2A7ECC5A001434C9 /* Preview Assets.xcassets in Resources */ = {isa = PBXBuildFile; fileRef = B30A99F92A7ECC5A001434C9 /* Preview Assets.xcassets */; };
		B30A9A042A7ECC5A001434C9 /* RickAndMortyTests.swift in Sources */ = {isa = PBXBuildFile; fileRef = B30A9A032A7ECC5A001434C9 /* RickAndMortyTests.swift */; };
		B30A9A0E2A7ECC5A001434C9 /* RickAndMortyUITests.swift in Sources */ = {isa = PBXBuildFile; fileRef = B30A9A0D2A7ECC5A001434C9 /* RickAndMortyUITests.swift */; };
		B30A9A102A7ECC5A001434C9 /* RickAndMortyUITestsLaunchTests.swift in Sources */ = {isa = PBXBuildFile; fileRef = B30A9A0F2A7ECC5A001434C9 /* RickAndMortyUITestsLaunchTests.swift */; };
		B30A9A1E2A7ECC6C001434C9 /* Alamofire in Frameworks */ = {isa = PBXBuildFile; productRef = B30A9A1D2A7ECC6C001434C9 /* Alamofire */; };
		B30A9A272A7ECC7C001434C9 /* STScenes.h in Headers */ = {isa = PBXBuildFile; fileRef = B30A9A262A7ECC7C001434C9 /* STScenes.h */; settings = {ATTRIBUTES = (Public, ); }; };
		B30A9A2A2A7ECC7C001434C9 /* STScenes.framework in Frameworks */ = {isa = PBXBuildFile; fileRef = B30A9A242A7ECC7C001434C9 /* STScenes.framework */; };
		B30A9A2B2A7ECC7C001434C9 /* STScenes.framework in Embed Frameworks */ = {isa = PBXBuildFile; fileRef = B30A9A242A7ECC7C001434C9 /* STScenes.framework */; settings = {ATTRIBUTES = (CodeSignOnCopy, RemoveHeadersOnCopy, ); }; };
		B30A9A382A7ED07F001434C9 /* STCore.h in Headers */ = {isa = PBXBuildFile; fileRef = B30A9A372A7ED07F001434C9 /* STCore.h */; settings = {ATTRIBUTES = (Public, ); }; };
		B30A9A3B2A7ED07F001434C9 /* STCore.framework in Frameworks */ = {isa = PBXBuildFile; fileRef = B30A9A352A7ED07F001434C9 /* STCore.framework */; };
		B30A9A3C2A7ED07F001434C9 /* STCore.framework in Embed Frameworks */ = {isa = PBXBuildFile; fileRef = B30A9A352A7ED07F001434C9 /* STCore.framework */; settings = {ATTRIBUTES = (CodeSignOnCopy, RemoveHeadersOnCopy, ); }; };
		B30A9A482A7ED08C001434C9 /* STNetwork.h in Headers */ = {isa = PBXBuildFile; fileRef = B30A9A472A7ED08C001434C9 /* STNetwork.h */; settings = {ATTRIBUTES = (Public, ); }; };
		B30A9A4B2A7ED08C001434C9 /* STNetwork.framework in Frameworks */ = {isa = PBXBuildFile; fileRef = B30A9A452A7ED08C001434C9 /* STNetwork.framework */; };
		B30A9A4C2A7ED08C001434C9 /* STNetwork.framework in Embed Frameworks */ = {isa = PBXBuildFile; fileRef = B30A9A452A7ED08C001434C9 /* STNetwork.framework */; settings = {ATTRIBUTES = (CodeSignOnCopy, RemoveHeadersOnCopy, ); }; };
		B30A9A582A7ED0A1001434C9 /* STEntities.h in Headers */ = {isa = PBXBuildFile; fileRef = B30A9A572A7ED0A1001434C9 /* STEntities.h */; settings = {ATTRIBUTES = (Public, ); }; };
		B30A9A5B2A7ED0A1001434C9 /* STEntities.framework in Frameworks */ = {isa = PBXBuildFile; fileRef = B30A9A552A7ED0A1001434C9 /* STEntities.framework */; };
		B30A9A5C2A7ED0A1001434C9 /* STEntities.framework in Embed Frameworks */ = {isa = PBXBuildFile; fileRef = B30A9A552A7ED0A1001434C9 /* STEntities.framework */; settings = {ATTRIBUTES = (CodeSignOnCopy, RemoveHeadersOnCopy, ); }; };
		B30A9A682A7ED0B6001434C9 /* STComponents.h in Headers */ = {isa = PBXBuildFile; fileRef = B30A9A672A7ED0B6001434C9 /* STComponents.h */; settings = {ATTRIBUTES = (Public, ); }; };
		B30A9A6B2A7ED0B6001434C9 /* STComponents.framework in Frameworks */ = {isa = PBXBuildFile; fileRef = B30A9A652A7ED0B6001434C9 /* STComponents.framework */; };
		B30A9A6C2A7ED0B6001434C9 /* STComponents.framework in Embed Frameworks */ = {isa = PBXBuildFile; fileRef = B30A9A652A7ED0B6001434C9 /* STComponents.framework */; settings = {ATTRIBUTES = (CodeSignOnCopy, RemoveHeadersOnCopy, ); }; };
		B30A9A722A7ED0D8001434C9 /* Alamofire in Frameworks */ = {isa = PBXBuildFile; productRef = B30A9A712A7ED0D8001434C9 /* Alamofire */; };
		B30A9A732A7ED0E2001434C9 /* STCore.framework in Frameworks */ = {isa = PBXBuildFile; fileRef = B30A9A352A7ED07F001434C9 /* STCore.framework */; };
		B30A9A742A7ED0E2001434C9 /* STEntities.framework in Frameworks */ = {isa = PBXBuildFile; fileRef = B30A9A552A7ED0A1001434C9 /* STEntities.framework */; };
		B30A9A752A7ED0EE001434C9 /* STCore.framework in Frameworks */ = {isa = PBXBuildFile; fileRef = B30A9A352A7ED07F001434C9 /* STCore.framework */; };
		B30A9A762A7ED0EE001434C9 /* STEntities.framework in Frameworks */ = {isa = PBXBuildFile; fileRef = B30A9A552A7ED0A1001434C9 /* STEntities.framework */; };
		B30A9A772A7ED100001434C9 /* STComponents.framework in Frameworks */ = {isa = PBXBuildFile; fileRef = B30A9A652A7ED0B6001434C9 /* STComponents.framework */; };
		B30A9A782A7ED100001434C9 /* STCore.framework in Frameworks */ = {isa = PBXBuildFile; fileRef = B30A9A352A7ED07F001434C9 /* STCore.framework */; };
		B30A9A792A7ED100001434C9 /* STEntities.framework in Frameworks */ = {isa = PBXBuildFile; fileRef = B30A9A552A7ED0A1001434C9 /* STEntities.framework */; };
		B30A9A7A2A7ED100001434C9 /* STNetwork.framework in Frameworks */ = {isa = PBXBuildFile; fileRef = B30A9A452A7ED08C001434C9 /* STNetwork.framework */; };
		B30A9A7D2A7ED167001434C9 /* BundleExtensions.swift in Sources */ = {isa = PBXBuildFile; fileRef = B30A9A7C2A7ED167001434C9 /* BundleExtensions.swift */; };
		B30A9A802A7ED1A9001434C9 /* BundleExtensions.swift in Sources */ = {isa = PBXBuildFile; fileRef = B30A9A7F2A7ED1A9001434C9 /* BundleExtensions.swift */; };
		B30A9A852A7ED1E2001434C9 /* BundleExtensions.swift in Sources */ = {isa = PBXBuildFile; fileRef = B30A9A842A7ED1E2001434C9 /* BundleExtensions.swift */; };
		B30A9A872A7ED1EA001434C9 /* BundleExtensions.swift in Sources */ = {isa = PBXBuildFile; fileRef = B30A9A862A7ED1EA001434C9 /* BundleExtensions.swift */; };
		B30A9A892A7ED1F3001434C9 /* BundleExtensions.swift in Sources */ = {isa = PBXBuildFile; fileRef = B30A9A882A7ED1F3001434C9 /* BundleExtensions.swift */; };
		B30A9A8C2A7ED237001434C9 /* ImageConvertible.swift in Sources */ = {isa = PBXBuildFile; fileRef = B30A9A8B2A7ED237001434C9 /* ImageConvertible.swift */; };
		B30A9A8E2A7ED26F001434C9 /* ComponentImage.swift in Sources */ = {isa = PBXBuildFile; fileRef = B30A9A8D2A7ED26F001434C9 /* ComponentImage.swift */; };
		B30A9A902A7ED29B001434C9 /* Assets.xcassets in Resources */ = {isa = PBXBuildFile; fileRef = B30A9A8F2A7ED29B001434C9 /* Assets.xcassets */; };
		B30A9A942A7ED389001434C9 /* Splash.swift in Sources */ = {isa = PBXBuildFile; fileRef = B30A9A932A7ED389001434C9 /* Splash.swift */; };
/* End PBXBuildFile section */

/* Begin PBXContainerItemProxy section */
		B30A9A002A7ECC5A001434C9 /* PBXContainerItemProxy */ = {
			isa = PBXContainerItemProxy;
			containerPortal = B30A99E72A7ECC59001434C9 /* Project object */;
			proxyType = 1;
			remoteGlobalIDString = B30A99EE2A7ECC59001434C9;
			remoteInfo = RickAndMorty;
		};
		B30A9A0A2A7ECC5A001434C9 /* PBXContainerItemProxy */ = {
			isa = PBXContainerItemProxy;
			containerPortal = B30A99E72A7ECC59001434C9 /* Project object */;
			proxyType = 1;
			remoteGlobalIDString = B30A99EE2A7ECC59001434C9;
			remoteInfo = RickAndMorty;
		};
		B30A9A282A7ECC7C001434C9 /* PBXContainerItemProxy */ = {
			isa = PBXContainerItemProxy;
			containerPortal = B30A99E72A7ECC59001434C9 /* Project object */;
			proxyType = 1;
			remoteGlobalIDString = B30A9A232A7ECC7C001434C9;
			remoteInfo = STScenes;
		};
		B30A9A392A7ED07F001434C9 /* PBXContainerItemProxy */ = {
			isa = PBXContainerItemProxy;
			containerPortal = B30A99E72A7ECC59001434C9 /* Project object */;
			proxyType = 1;
			remoteGlobalIDString = B30A9A342A7ED07F001434C9;
			remoteInfo = STCore;
		};
		B30A9A492A7ED08C001434C9 /* PBXContainerItemProxy */ = {
			isa = PBXContainerItemProxy;
			containerPortal = B30A99E72A7ECC59001434C9 /* Project object */;
			proxyType = 1;
			remoteGlobalIDString = B30A9A442A7ED08C001434C9;
			remoteInfo = STNetwork;
		};
		B30A9A592A7ED0A1001434C9 /* PBXContainerItemProxy */ = {
			isa = PBXContainerItemProxy;
			containerPortal = B30A99E72A7ECC59001434C9 /* Project object */;
			proxyType = 1;
			remoteGlobalIDString = B30A9A542A7ED0A1001434C9;
			remoteInfo = STEntities;
		};
		B30A9A692A7ED0B6001434C9 /* PBXContainerItemProxy */ = {
			isa = PBXContainerItemProxy;
			containerPortal = B30A99E72A7ECC59001434C9 /* Project object */;
			proxyType = 1;
			remoteGlobalIDString = B30A9A642A7ED0B6001434C9;
			remoteInfo = STComponents;
		};
/* End PBXContainerItemProxy section */

/* Begin PBXCopyFilesBuildPhase section */
		B30A9A2F2A7ECC7C001434C9 /* Embed Frameworks */ = {
			isa = PBXCopyFilesBuildPhase;
			buildActionMask = 2147483647;
			dstPath = "";
			dstSubfolderSpec = 10;
			files = (
				B30A9A5C2A7ED0A1001434C9 /* STEntities.framework in Embed Frameworks */,
				B30A9A3C2A7ED07F001434C9 /* STCore.framework in Embed Frameworks */,
				B30A9A6C2A7ED0B6001434C9 /* STComponents.framework in Embed Frameworks */,
				B30A9A4C2A7ED08C001434C9 /* STNetwork.framework in Embed Frameworks */,
				B30A9A2B2A7ECC7C001434C9 /* STScenes.framework in Embed Frameworks */,
			);
			name = "Embed Frameworks";
			runOnlyForDeploymentPostprocessing = 0;
		};
/* End PBXCopyFilesBuildPhase section */

/* Begin PBXFileReference section */
		B30A99EF2A7ECC59001434C9 /* RickAndMorty.app */ = {isa = PBXFileReference; explicitFileType = wrapper.application; includeInIndex = 0; path = RickAndMorty.app; sourceTree = BUILT_PRODUCTS_DIR; };
		B30A99F22A7ECC59001434C9 /* RickAndMortyApp.swift */ = {isa = PBXFileReference; lastKnownFileType = sourcecode.swift; path = RickAndMortyApp.swift; sourceTree = "<group>"; };
		B30A99F62A7ECC5A001434C9 /* Assets.xcassets */ = {isa = PBXFileReference; lastKnownFileType = folder.assetcatalog; path = Assets.xcassets; sourceTree = "<group>"; };
		B30A99F92A7ECC5A001434C9 /* Preview Assets.xcassets */ = {isa = PBXFileReference; lastKnownFileType = folder.assetcatalog; path = "Preview Assets.xcassets"; sourceTree = "<group>"; };
		B30A99FF2A7ECC5A001434C9 /* RickAndMortyTests.xctest */ = {isa = PBXFileReference; explicitFileType = wrapper.cfbundle; includeInIndex = 0; path = RickAndMortyTests.xctest; sourceTree = BUILT_PRODUCTS_DIR; };
		B30A9A032A7ECC5A001434C9 /* RickAndMortyTests.swift */ = {isa = PBXFileReference; lastKnownFileType = sourcecode.swift; path = RickAndMortyTests.swift; sourceTree = "<group>"; };
		B30A9A092A7ECC5A001434C9 /* RickAndMortyUITests.xctest */ = {isa = PBXFileReference; explicitFileType = wrapper.cfbundle; includeInIndex = 0; path = RickAndMortyUITests.xctest; sourceTree = BUILT_PRODUCTS_DIR; };
		B30A9A0D2A7ECC5A001434C9 /* RickAndMortyUITests.swift */ = {isa = PBXFileReference; lastKnownFileType = sourcecode.swift; path = RickAndMortyUITests.swift; sourceTree = "<group>"; };
		B30A9A0F2A7ECC5A001434C9 /* RickAndMortyUITestsLaunchTests.swift */ = {isa = PBXFileReference; lastKnownFileType = sourcecode.swift; path = RickAndMortyUITestsLaunchTests.swift; sourceTree = "<group>"; };
		B30A9A242A7ECC7C001434C9 /* STScenes.framework */ = {isa = PBXFileReference; explicitFileType = wrapper.framework; includeInIndex = 0; path = STScenes.framework; sourceTree = BUILT_PRODUCTS_DIR; };
		B30A9A262A7ECC7C001434C9 /* STScenes.h */ = {isa = PBXFileReference; lastKnownFileType = sourcecode.c.h; path = STScenes.h; sourceTree = "<group>"; };
		B30A9A352A7ED07F001434C9 /* STCore.framework */ = {isa = PBXFileReference; explicitFileType = wrapper.framework; includeInIndex = 0; path = STCore.framework; sourceTree = BUILT_PRODUCTS_DIR; };
		B30A9A372A7ED07F001434C9 /* STCore.h */ = {isa = PBXFileReference; lastKnownFileType = sourcecode.c.h; path = STCore.h; sourceTree = "<group>"; };
		B30A9A452A7ED08C001434C9 /* STNetwork.framework */ = {isa = PBXFileReference; explicitFileType = wrapper.framework; includeInIndex = 0; path = STNetwork.framework; sourceTree = BUILT_PRODUCTS_DIR; };
		B30A9A472A7ED08C001434C9 /* STNetwork.h */ = {isa = PBXFileReference; lastKnownFileType = sourcecode.c.h; path = STNetwork.h; sourceTree = "<group>"; };
		B30A9A552A7ED0A1001434C9 /* STEntities.framework */ = {isa = PBXFileReference; explicitFileType = wrapper.framework; includeInIndex = 0; path = STEntities.framework; sourceTree = BUILT_PRODUCTS_DIR; };
		B30A9A572A7ED0A1001434C9 /* STEntities.h */ = {isa = PBXFileReference; lastKnownFileType = sourcecode.c.h; path = STEntities.h; sourceTree = "<group>"; };
		B30A9A652A7ED0B6001434C9 /* STComponents.framework */ = {isa = PBXFileReference; explicitFileType = wrapper.framework; includeInIndex = 0; path = STComponents.framework; sourceTree = BUILT_PRODUCTS_DIR; };
		B30A9A672A7ED0B6001434C9 /* STComponents.h */ = {isa = PBXFileReference; lastKnownFileType = sourcecode.c.h; path = STComponents.h; sourceTree = "<group>"; };
		B30A9A7C2A7ED167001434C9 /* BundleExtensions.swift */ = {isa = PBXFileReference; lastKnownFileType = sourcecode.swift; path = BundleExtensions.swift; sourceTree = "<group>"; };
		B30A9A7F2A7ED1A9001434C9 /* BundleExtensions.swift */ = {isa = PBXFileReference; lastKnownFileType = sourcecode.swift; path = BundleExtensions.swift; sourceTree = "<group>"; };
		B30A9A842A7ED1E2001434C9 /* BundleExtensions.swift */ = {isa = PBXFileReference; lastKnownFileType = sourcecode.swift; path = BundleExtensions.swift; sourceTree = "<group>"; };
		B30A9A862A7ED1EA001434C9 /* BundleExtensions.swift */ = {isa = PBXFileReference; lastKnownFileType = sourcecode.swift; path = BundleExtensions.swift; sourceTree = "<group>"; };
		B30A9A882A7ED1F3001434C9 /* BundleExtensions.swift */ = {isa = PBXFileReference; lastKnownFileType = sourcecode.swift; path = BundleExtensions.swift; sourceTree = "<group>"; };
		B30A9A8B2A7ED237001434C9 /* ImageConvertible.swift */ = {isa = PBXFileReference; lastKnownFileType = sourcecode.swift; path = ImageConvertible.swift; sourceTree = "<group>"; };
		B30A9A8D2A7ED26F001434C9 /* ComponentImage.swift */ = {isa = PBXFileReference; lastKnownFileType = sourcecode.swift; path = ComponentImage.swift; sourceTree = "<group>"; };
		B30A9A8F2A7ED29B001434C9 /* Assets.xcassets */ = {isa = PBXFileReference; lastKnownFileType = folder.assetcatalog; path = Assets.xcassets; sourceTree = "<group>"; };
		B30A9A932A7ED389001434C9 /* Splash.swift */ = {isa = PBXFileReference; lastKnownFileType = sourcecode.swift; path = Splash.swift; sourceTree = "<group>"; };
/* End PBXFileReference section */

/* Begin PBXFrameworksBuildPhase section */
		B30A99EC2A7ECC59001434C9 /* Frameworks */ = {
			isa = PBXFrameworksBuildPhase;
			buildActionMask = 2147483647;
			files = (
				B30A9A4B2A7ED08C001434C9 /* STNetwork.framework in Frameworks */,
				B30A9A6B2A7ED0B6001434C9 /* STComponents.framework in Frameworks */,
				B30A9A2A2A7ECC7C001434C9 /* STScenes.framework in Frameworks */,
				B30A9A5B2A7ED0A1001434C9 /* STEntities.framework in Frameworks */,
				B30A9A3B2A7ED07F001434C9 /* STCore.framework in Frameworks */,
				B30A9A1E2A7ECC6C001434C9 /* Alamofire in Frameworks */,
			);
			runOnlyForDeploymentPostprocessing = 0;
		};
		B30A99FC2A7ECC5A001434C9 /* Frameworks */ = {
			isa = PBXFrameworksBuildPhase;
			buildActionMask = 2147483647;
			files = (
			);
			runOnlyForDeploymentPostprocessing = 0;
		};
		B30A9A062A7ECC5A001434C9 /* Frameworks */ = {
			isa = PBXFrameworksBuildPhase;
			buildActionMask = 2147483647;
			files = (
			);
			runOnlyForDeploymentPostprocessing = 0;
		};
		B30A9A212A7ECC7C001434C9 /* Frameworks */ = {
			isa = PBXFrameworksBuildPhase;
			buildActionMask = 2147483647;
			files = (
				B30A9A772A7ED100001434C9 /* STComponents.framework in Frameworks */,
				B30A9A782A7ED100001434C9 /* STCore.framework in Frameworks */,
				B30A9A792A7ED100001434C9 /* STEntities.framework in Frameworks */,
				B30A9A7A2A7ED100001434C9 /* STNetwork.framework in Frameworks */,
			);
			runOnlyForDeploymentPostprocessing = 0;
		};
		B30A9A322A7ED07F001434C9 /* Frameworks */ = {
			isa = PBXFrameworksBuildPhase;
			buildActionMask = 2147483647;
			files = (
			);
			runOnlyForDeploymentPostprocessing = 0;
		};
		B30A9A422A7ED08C001434C9 /* Frameworks */ = {
			isa = PBXFrameworksBuildPhase;
			buildActionMask = 2147483647;
			files = (
				B30A9A732A7ED0E2001434C9 /* STCore.framework in Frameworks */,
				B30A9A742A7ED0E2001434C9 /* STEntities.framework in Frameworks */,
				B30A9A722A7ED0D8001434C9 /* Alamofire in Frameworks */,
			);
			runOnlyForDeploymentPostprocessing = 0;
		};
		B30A9A522A7ED0A1001434C9 /* Frameworks */ = {
			isa = PBXFrameworksBuildPhase;
			buildActionMask = 2147483647;
			files = (
			);
			runOnlyForDeploymentPostprocessing = 0;
		};
		B30A9A622A7ED0B6001434C9 /* Frameworks */ = {
			isa = PBXFrameworksBuildPhase;
			buildActionMask = 2147483647;
			files = (
				B30A9A752A7ED0EE001434C9 /* STCore.framework in Frameworks */,
				B30A9A762A7ED0EE001434C9 /* STEntities.framework in Frameworks */,
			);
			runOnlyForDeploymentPostprocessing = 0;
		};
/* End PBXFrameworksBuildPhase section */

/* Begin PBXGroup section */
		B30A99E62A7ECC59001434C9 = {
			isa = PBXGroup;
			children = (
				B30A99F12A7ECC59001434C9 /* RickAndMorty */,
				B30A9A022A7ECC5A001434C9 /* RickAndMortyTests */,
				B30A9A0C2A7ECC5A001434C9 /* RickAndMortyUITests */,
				B30A9A252A7ECC7C001434C9 /* STScenes */,
				B30A9A362A7ED07F001434C9 /* STCore */,
				B30A9A462A7ED08C001434C9 /* STNetwork */,
				B30A9A562A7ED0A1001434C9 /* STEntities */,
				B30A9A662A7ED0B6001434C9 /* STComponents */,
				B30A99F02A7ECC59001434C9 /* Products */,
				B30A9A702A7ED0D8001434C9 /* Frameworks */,
			);
			sourceTree = "<group>";
		};
		B30A99F02A7ECC59001434C9 /* Products */ = {
			isa = PBXGroup;
			children = (
				B30A99EF2A7ECC59001434C9 /* RickAndMorty.app */,
				B30A99FF2A7ECC5A001434C9 /* RickAndMortyTests.xctest */,
				B30A9A092A7ECC5A001434C9 /* RickAndMortyUITests.xctest */,
				B30A9A242A7ECC7C001434C9 /* STScenes.framework */,
				B30A9A352A7ED07F001434C9 /* STCore.framework */,
				B30A9A452A7ED08C001434C9 /* STNetwork.framework */,
				B30A9A552A7ED0A1001434C9 /* STEntities.framework */,
				B30A9A652A7ED0B6001434C9 /* STComponents.framework */,
			);
			name = Products;
			sourceTree = "<group>";
		};
		B30A99F12A7ECC59001434C9 /* RickAndMorty */ = {
			isa = PBXGroup;
			children = (
				B30A99F22A7ECC59001434C9 /* RickAndMortyApp.swift */,
				B30A99F62A7ECC5A001434C9 /* Assets.xcassets */,
				B30A99F82A7ECC5A001434C9 /* Preview Content */,
			);
			path = RickAndMorty;
			sourceTree = "<group>";
		};
		B30A99F82A7ECC5A001434C9 /* Preview Content */ = {
			isa = PBXGroup;
			children = (
				B30A99F92A7ECC5A001434C9 /* Preview Assets.xcassets */,
			);
			path = "Preview Content";
			sourceTree = "<group>";
		};
		B30A9A022A7ECC5A001434C9 /* RickAndMortyTests */ = {
			isa = PBXGroup;
			children = (
				B30A9A032A7ECC5A001434C9 /* RickAndMortyTests.swift */,
			);
			path = RickAndMortyTests;
			sourceTree = "<group>";
		};
		B30A9A0C2A7ECC5A001434C9 /* RickAndMortyUITests */ = {
			isa = PBXGroup;
			children = (
				B30A9A0D2A7ECC5A001434C9 /* RickAndMortyUITests.swift */,
				B30A9A0F2A7ECC5A001434C9 /* RickAndMortyUITestsLaunchTests.swift */,
			);
			path = RickAndMortyUITests;
			sourceTree = "<group>";
		};
		B30A9A252A7ECC7C001434C9 /* STScenes */ = {
			isa = PBXGroup;
			children = (
				B30A9A912A7ED332001434C9 /* Scenes */,
				B30A9A7B2A7ED13C001434C9 /* Extensions */,
				B30A9A262A7ECC7C001434C9 /* STScenes.h */,
			);
			path = STScenes;
			sourceTree = "<group>";
		};
		B30A9A362A7ED07F001434C9 /* STCore */ = {
			isa = PBXGroup;
			children = (
				B30A9A7E2A7ED18C001434C9 /* Extensions */,
				B30A9A372A7ED07F001434C9 /* STCore.h */,
			);
			path = STCore;
			sourceTree = "<group>";
		};
		B30A9A462A7ED08C001434C9 /* STNetwork */ = {
			isa = PBXGroup;
			children = (
				B30A9A812A7ED1C0001434C9 /* Extensions */,
				B30A9A472A7ED08C001434C9 /* STNetwork.h */,
			);
			path = STNetwork;
			sourceTree = "<group>";
		};
		B30A9A562A7ED0A1001434C9 /* STEntities */ = {
			isa = PBXGroup;
			children = (
				B30A9A822A7ED1CE001434C9 /* Extensions */,
				B30A9A572A7ED0A1001434C9 /* STEntities.h */,
			);
			path = STEntities;
			sourceTree = "<group>";
		};
		B30A9A662A7ED0B6001434C9 /* STComponents */ = {
			isa = PBXGroup;
			children = (
				B30A9A8A2A7ED21D001434C9 /* Helpers */,
				B30A9A832A7ED1D3001434C9 /* Extensions */,
				B30A9A672A7ED0B6001434C9 /* STComponents.h */,
				B30A9A8F2A7ED29B001434C9 /* Assets.xcassets */,
			);
			path = STComponents;
			sourceTree = "<group>";
		};
		B30A9A702A7ED0D8001434C9 /* Frameworks */ = {
			isa = PBXGroup;
			children = (
			);
			name = Frameworks;
			sourceTree = "<group>";
		};
		B30A9A7B2A7ED13C001434C9 /* Extensions */ = {
			isa = PBXGroup;
			children = (
				B30A9A7C2A7ED167001434C9 /* BundleExtensions.swift */,
			);
			path = Extensions;
			sourceTree = "<group>";
		};
		B30A9A7E2A7ED18C001434C9 /* Extensions */ = {
			isa = PBXGroup;
			children = (
				B30A9A7F2A7ED1A9001434C9 /* BundleExtensions.swift */,
			);
			path = Extensions;
			sourceTree = "<group>";
		};
		B30A9A812A7ED1C0001434C9 /* Extensions */ = {
			isa = PBXGroup;
			children = (
				B30A9A842A7ED1E2001434C9 /* BundleExtensions.swift */,
			);
			path = Extensions;
			sourceTree = "<group>";
		};
		B30A9A822A7ED1CE001434C9 /* Extensions */ = {
			isa = PBXGroup;
			children = (
				B30A9A862A7ED1EA001434C9 /* BundleExtensions.swift */,
			);
			path = Extensions;
			sourceTree = "<group>";
		};
		B30A9A832A7ED1D3001434C9 /* Extensions */ = {
			isa = PBXGroup;
			children = (
				B30A9A882A7ED1F3001434C9 /* BundleExtensions.swift */,
			);
			path = Extensions;
			sourceTree = "<group>";
		};
		B30A9A8A2A7ED21D001434C9 /* Helpers */ = {
			isa = PBXGroup;
			children = (
				B30A9A8B2A7ED237001434C9 /* ImageConvertible.swift */,
				B30A9A8D2A7ED26F001434C9 /* ComponentImage.swift */,
			);
			path = Helpers;
			sourceTree = "<group>";
		};
		B30A9A912A7ED332001434C9 /* Scenes */ = {
			isa = PBXGroup;
			children = (
				B30A9A922A7ED374001434C9 /* Splash */,
			);
			path = Scenes;
			sourceTree = "<group>";
		};
		B30A9A922A7ED374001434C9 /* Splash */ = {
			isa = PBXGroup;
			children = (
				B30A9A932A7ED389001434C9 /* Splash.swift */,
			);
			path = Splash;
			sourceTree = "<group>";
		};
/* End PBXGroup section */

/* Begin PBXHeadersBuildPhase section */
		B30A9A1F2A7ECC7C001434C9 /* Headers */ = {
			isa = PBXHeadersBuildPhase;
			buildActionMask = 2147483647;
			files = (
				B30A9A272A7ECC7C001434C9 /* STScenes.h in Headers */,
			);
			runOnlyForDeploymentPostprocessing = 0;
		};
		B30A9A302A7ED07F001434C9 /* Headers */ = {
			isa = PBXHeadersBuildPhase;
			buildActionMask = 2147483647;
			files = (
				B30A9A382A7ED07F001434C9 /* STCore.h in Headers */,
			);
			runOnlyForDeploymentPostprocessing = 0;
		};
		B30A9A402A7ED08C001434C9 /* Headers */ = {
			isa = PBXHeadersBuildPhase;
			buildActionMask = 2147483647;
			files = (
				B30A9A482A7ED08C001434C9 /* STNetwork.h in Headers */,
			);
			runOnlyForDeploymentPostprocessing = 0;
		};
		B30A9A502A7ED0A1001434C9 /* Headers */ = {
			isa = PBXHeadersBuildPhase;
			buildActionMask = 2147483647;
			files = (
				B30A9A582A7ED0A1001434C9 /* STEntities.h in Headers */,
			);
			runOnlyForDeploymentPostprocessing = 0;
		};
		B30A9A602A7ED0B6001434C9 /* Headers */ = {
			isa = PBXHeadersBuildPhase;
			buildActionMask = 2147483647;
			files = (
				B30A9A682A7ED0B6001434C9 /* STComponents.h in Headers */,
			);
			runOnlyForDeploymentPostprocessing = 0;
		};
/* End PBXHeadersBuildPhase section */

/* Begin PBXNativeTarget section */
		B30A99EE2A7ECC59001434C9 /* RickAndMorty */ = {
			isa = PBXNativeTarget;
			buildConfigurationList = B30A9A132A7ECC5A001434C9 /* Build configuration list for PBXNativeTarget "RickAndMorty" */;
			buildPhases = (
				B30A99EB2A7ECC59001434C9 /* Sources */,
				B30A99EC2A7ECC59001434C9 /* Frameworks */,
				B30A99ED2A7ECC59001434C9 /* Resources */,
				B30A9A2F2A7ECC7C001434C9 /* Embed Frameworks */,
			);
			buildRules = (
			);
			dependencies = (
				B30A9A292A7ECC7C001434C9 /* PBXTargetDependency */,
				B30A9A3A2A7ED07F001434C9 /* PBXTargetDependency */,
				B30A9A4A2A7ED08C001434C9 /* PBXTargetDependency */,
				B30A9A5A2A7ED0A1001434C9 /* PBXTargetDependency */,
				B30A9A6A2A7ED0B6001434C9 /* PBXTargetDependency */,
			);
			name = RickAndMorty;
			packageProductDependencies = (
				B30A9A1D2A7ECC6C001434C9 /* Alamofire */,
			);
			productName = RickAndMorty;
			productReference = B30A99EF2A7ECC59001434C9 /* RickAndMorty.app */;
			productType = "com.apple.product-type.application";
		};
		B30A99FE2A7ECC5A001434C9 /* RickAndMortyTests */ = {
			isa = PBXNativeTarget;
			buildConfigurationList = B30A9A162A7ECC5A001434C9 /* Build configuration list for PBXNativeTarget "RickAndMortyTests" */;
			buildPhases = (
				B30A99FB2A7ECC5A001434C9 /* Sources */,
				B30A99FC2A7ECC5A001434C9 /* Frameworks */,
				B30A99FD2A7ECC5A001434C9 /* Resources */,
			);
			buildRules = (
			);
			dependencies = (
				B30A9A012A7ECC5A001434C9 /* PBXTargetDependency */,
			);
			name = RickAndMortyTests;
			productName = RickAndMortyTests;
			productReference = B30A99FF2A7ECC5A001434C9 /* RickAndMortyTests.xctest */;
			productType = "com.apple.product-type.bundle.unit-test";
		};
		B30A9A082A7ECC5A001434C9 /* RickAndMortyUITests */ = {
			isa = PBXNativeTarget;
			buildConfigurationList = B30A9A192A7ECC5A001434C9 /* Build configuration list for PBXNativeTarget "RickAndMortyUITests" */;
			buildPhases = (
				B30A9A052A7ECC5A001434C9 /* Sources */,
				B30A9A062A7ECC5A001434C9 /* Frameworks */,
				B30A9A072A7ECC5A001434C9 /* Resources */,
			);
			buildRules = (
			);
			dependencies = (
				B30A9A0B2A7ECC5A001434C9 /* PBXTargetDependency */,
			);
			name = RickAndMortyUITests;
			productName = RickAndMortyUITests;
			productReference = B30A9A092A7ECC5A001434C9 /* RickAndMortyUITests.xctest */;
			productType = "com.apple.product-type.bundle.ui-testing";
		};
		B30A9A232A7ECC7C001434C9 /* STScenes */ = {
			isa = PBXNativeTarget;
			buildConfigurationList = B30A9A2C2A7ECC7C001434C9 /* Build configuration list for PBXNativeTarget "STScenes" */;
			buildPhases = (
				B30A9A1F2A7ECC7C001434C9 /* Headers */,
				B30A9A202A7ECC7C001434C9 /* Sources */,
				B30A9A212A7ECC7C001434C9 /* Frameworks */,
				B30A9A222A7ECC7C001434C9 /* Resources */,
			);
			buildRules = (
			);
			dependencies = (
			);
			name = STScenes;
			productName = STScenes;
			productReference = B30A9A242A7ECC7C001434C9 /* STScenes.framework */;
			productType = "com.apple.product-type.framework";
		};
		B30A9A342A7ED07F001434C9 /* STCore */ = {
			isa = PBXNativeTarget;
			buildConfigurationList = B30A9A3D2A7ED07F001434C9 /* Build configuration list for PBXNativeTarget "STCore" */;
			buildPhases = (
				B30A9A302A7ED07F001434C9 /* Headers */,
				B30A9A312A7ED07F001434C9 /* Sources */,
				B30A9A322A7ED07F001434C9 /* Frameworks */,
				B30A9A332A7ED07F001434C9 /* Resources */,
			);
			buildRules = (
			);
			dependencies = (
			);
			name = STCore;
			productName = STCore;
			productReference = B30A9A352A7ED07F001434C9 /* STCore.framework */;
			productType = "com.apple.product-type.framework";
		};
		B30A9A442A7ED08C001434C9 /* STNetwork */ = {
			isa = PBXNativeTarget;
			buildConfigurationList = B30A9A4D2A7ED08C001434C9 /* Build configuration list for PBXNativeTarget "STNetwork" */;
			buildPhases = (
				B30A9A402A7ED08C001434C9 /* Headers */,
				B30A9A412A7ED08C001434C9 /* Sources */,
				B30A9A422A7ED08C001434C9 /* Frameworks */,
				B30A9A432A7ED08C001434C9 /* Resources */,
			);
			buildRules = (
			);
			dependencies = (
			);
			name = STNetwork;
			packageProductDependencies = (
				B30A9A712A7ED0D8001434C9 /* Alamofire */,
			);
			productName = STNetwork;
			productReference = B30A9A452A7ED08C001434C9 /* STNetwork.framework */;
			productType = "com.apple.product-type.framework";
		};
		B30A9A542A7ED0A1001434C9 /* STEntities */ = {
			isa = PBXNativeTarget;
			buildConfigurationList = B30A9A5D2A7ED0A1001434C9 /* Build configuration list for PBXNativeTarget "STEntities" */;
			buildPhases = (
				B30A9A502A7ED0A1001434C9 /* Headers */,
				B30A9A512A7ED0A1001434C9 /* Sources */,
				B30A9A522A7ED0A1001434C9 /* Frameworks */,
				B30A9A532A7ED0A1001434C9 /* Resources */,
			);
			buildRules = (
			);
			dependencies = (
			);
			name = STEntities;
			productName = STEntities;
			productReference = B30A9A552A7ED0A1001434C9 /* STEntities.framework */;
			productType = "com.apple.product-type.framework";
		};
		B30A9A642A7ED0B6001434C9 /* STComponents */ = {
			isa = PBXNativeTarget;
			buildConfigurationList = B30A9A6D2A7ED0B6001434C9 /* Build configuration list for PBXNativeTarget "STComponents" */;
			buildPhases = (
				B30A9A602A7ED0B6001434C9 /* Headers */,
				B30A9A612A7ED0B6001434C9 /* Sources */,
				B30A9A622A7ED0B6001434C9 /* Frameworks */,
				B30A9A632A7ED0B6001434C9 /* Resources */,
			);
			buildRules = (
			);
			dependencies = (
			);
			name = STComponents;
			productName = STComponents;
			productReference = B30A9A652A7ED0B6001434C9 /* STComponents.framework */;
			productType = "com.apple.product-type.framework";
		};
/* End PBXNativeTarget section */

/* Begin PBXProject section */
		B30A99E72A7ECC59001434C9 /* Project object */ = {
			isa = PBXProject;
			attributes = {
				BuildIndependentTargetsInParallel = 1;
				LastSwiftUpdateCheck = 1420;
				LastUpgradeCheck = 1420;
				TargetAttributes = {
					B30A99EE2A7ECC59001434C9 = {
						CreatedOnToolsVersion = 14.2;
					};
					B30A99FE2A7ECC5A001434C9 = {
						CreatedOnToolsVersion = 14.2;
						TestTargetID = B30A99EE2A7ECC59001434C9;
					};
					B30A9A082A7ECC5A001434C9 = {
						CreatedOnToolsVersion = 14.2;
						TestTargetID = B30A99EE2A7ECC59001434C9;
					};
					B30A9A232A7ECC7C001434C9 = {
						CreatedOnToolsVersion = 14.2;
						LastSwiftMigration = 1420;
					};
					B30A9A342A7ED07F001434C9 = {
						CreatedOnToolsVersion = 14.2;
						LastSwiftMigration = 1420;
					};
					B30A9A442A7ED08C001434C9 = {
						CreatedOnToolsVersion = 14.2;
						LastSwiftMigration = 1420;
					};
					B30A9A542A7ED0A1001434C9 = {
						CreatedOnToolsVersion = 14.2;
						LastSwiftMigration = 1420;
					};
					B30A9A642A7ED0B6001434C9 = {
						CreatedOnToolsVersion = 14.2;
						LastSwiftMigration = 1420;
					};
				};
			};
			buildConfigurationList = B30A99EA2A7ECC59001434C9 /* Build configuration list for PBXProject "RickAndMorty" */;
			compatibilityVersion = "Xcode 14.0";
			developmentRegion = en;
			hasScannedForEncodings = 0;
			knownRegions = (
				en,
				Base,
			);
			mainGroup = B30A99E62A7ECC59001434C9;
			packageReferences = (
				B30A9A1C2A7ECC6C001434C9 /* XCRemoteSwiftPackageReference "Alamofire" */,
			);
			productRefGroup = B30A99F02A7ECC59001434C9 /* Products */;
			projectDirPath = "";
			projectRoot = "";
			targets = (
				B30A99EE2A7ECC59001434C9 /* RickAndMorty */,
				B30A99FE2A7ECC5A001434C9 /* RickAndMortyTests */,
				B30A9A082A7ECC5A001434C9 /* RickAndMortyUITests */,
				B30A9A232A7ECC7C001434C9 /* STScenes */,
				B30A9A342A7ED07F001434C9 /* STCore */,
				B30A9A442A7ED08C001434C9 /* STNetwork */,
				B30A9A542A7ED0A1001434C9 /* STEntities */,
				B30A9A642A7ED0B6001434C9 /* STComponents */,
			);
		};
/* End PBXProject section */

/* Begin PBXResourcesBuildPhase section */
		B30A99ED2A7ECC59001434C9 /* Resources */ = {
			isa = PBXResourcesBuildPhase;
			buildActionMask = 2147483647;
			files = (
				B30A99FA2A7ECC5A001434C9 /* Preview Assets.xcassets in Resources */,
				B30A99F72A7ECC5A001434C9 /* Assets.xcassets in Resources */,
			);
			runOnlyForDeploymentPostprocessing = 0;
		};
		B30A99FD2A7ECC5A001434C9 /* Resources */ = {
			isa = PBXResourcesBuildPhase;
			buildActionMask = 2147483647;
			files = (
			);
			runOnlyForDeploymentPostprocessing = 0;
		};
		B30A9A072A7ECC5A001434C9 /* Resources */ = {
			isa = PBXResourcesBuildPhase;
			buildActionMask = 2147483647;
			files = (
			);
			runOnlyForDeploymentPostprocessing = 0;
		};
		B30A9A222A7ECC7C001434C9 /* Resources */ = {
			isa = PBXResourcesBuildPhase;
			buildActionMask = 2147483647;
			files = (
			);
			runOnlyForDeploymentPostprocessing = 0;
		};
		B30A9A332A7ED07F001434C9 /* Resources */ = {
			isa = PBXResourcesBuildPhase;
			buildActionMask = 2147483647;
			files = (
			);
			runOnlyForDeploymentPostprocessing = 0;
		};
		B30A9A432A7ED08C001434C9 /* Resources */ = {
			isa = PBXResourcesBuildPhase;
			buildActionMask = 2147483647;
			files = (
			);
			runOnlyForDeploymentPostprocessing = 0;
		};
		B30A9A532A7ED0A1001434C9 /* Resources */ = {
			isa = PBXResourcesBuildPhase;
			buildActionMask = 2147483647;
			files = (
			);
			runOnlyForDeploymentPostprocessing = 0;
		};
		B30A9A632A7ED0B6001434C9 /* Resources */ = {
			isa = PBXResourcesBuildPhase;
			buildActionMask = 2147483647;
			files = (
				B30A9A902A7ED29B001434C9 /* Assets.xcassets in Resources */,
			);
			runOnlyForDeploymentPostprocessing = 0;
		};
/* End PBXResourcesBuildPhase section */

/* Begin PBXSourcesBuildPhase section */
		B30A99EB2A7ECC59001434C9 /* Sources */ = {
			isa = PBXSourcesBuildPhase;
			buildActionMask = 2147483647;
			files = (
				B30A99F32A7ECC59001434C9 /* RickAndMortyApp.swift in Sources */,
			);
			runOnlyForDeploymentPostprocessing = 0;
		};
		B30A99FB2A7ECC5A001434C9 /* Sources */ = {
			isa = PBXSourcesBuildPhase;
			buildActionMask = 2147483647;
			files = (
				B30A9A042A7ECC5A001434C9 /* RickAndMortyTests.swift in Sources */,
			);
			runOnlyForDeploymentPostprocessing = 0;
		};
		B30A9A052A7ECC5A001434C9 /* Sources */ = {
			isa = PBXSourcesBuildPhase;
			buildActionMask = 2147483647;
			files = (
				B30A9A0E2A7ECC5A001434C9 /* RickAndMortyUITests.swift in Sources */,
				B30A9A102A7ECC5A001434C9 /* RickAndMortyUITestsLaunchTests.swift in Sources */,
			);
			runOnlyForDeploymentPostprocessing = 0;
		};
		B30A9A202A7ECC7C001434C9 /* Sources */ = {
			isa = PBXSourcesBuildPhase;
			buildActionMask = 2147483647;
			files = (
				B30A9A942A7ED389001434C9 /* Splash.swift in Sources */,
				B30A9A7D2A7ED167001434C9 /* BundleExtensions.swift in Sources */,
			);
			runOnlyForDeploymentPostprocessing = 0;
		};
		B30A9A312A7ED07F001434C9 /* Sources */ = {
			isa = PBXSourcesBuildPhase;
			buildActionMask = 2147483647;
			files = (
				B30A9A802A7ED1A9001434C9 /* BundleExtensions.swift in Sources */,
			);
			runOnlyForDeploymentPostprocessing = 0;
		};
		B30A9A412A7ED08C001434C9 /* Sources */ = {
			isa = PBXSourcesBuildPhase;
			buildActionMask = 2147483647;
			files = (
				B30A9A852A7ED1E2001434C9 /* BundleExtensions.swift in Sources */,
			);
			runOnlyForDeploymentPostprocessing = 0;
		};
		B30A9A512A7ED0A1001434C9 /* Sources */ = {
			isa = PBXSourcesBuildPhase;
			buildActionMask = 2147483647;
			files = (
				B30A9A872A7ED1EA001434C9 /* BundleExtensions.swift in Sources */,
			);
			runOnlyForDeploymentPostprocessing = 0;
		};
		B30A9A612A7ED0B6001434C9 /* Sources */ = {
			isa = PBXSourcesBuildPhase;
			buildActionMask = 2147483647;
			files = (
				B30A9A892A7ED1F3001434C9 /* BundleExtensions.swift in Sources */,
				B30A9A8C2A7ED237001434C9 /* ImageConvertible.swift in Sources */,
				B30A9A8E2A7ED26F001434C9 /* ComponentImage.swift in Sources */,
			);
			runOnlyForDeploymentPostprocessing = 0;
		};
/* End PBXSourcesBuildPhase section */

/* Begin PBXTargetDependency section */
		B30A9A012A7ECC5A001434C9 /* PBXTargetDependency */ = {
			isa = PBXTargetDependency;
			target = B30A99EE2A7ECC59001434C9 /* RickAndMorty */;
			targetProxy = B30A9A002A7ECC5A001434C9 /* PBXContainerItemProxy */;
		};
		B30A9A0B2A7ECC5A001434C9 /* PBXTargetDependency */ = {
			isa = PBXTargetDependency;
			target = B30A99EE2A7ECC59001434C9 /* RickAndMorty */;
			targetProxy = B30A9A0A2A7ECC5A001434C9 /* PBXContainerItemProxy */;
		};
		B30A9A292A7ECC7C001434C9 /* PBXTargetDependency */ = {
			isa = PBXTargetDependency;
			target = B30A9A232A7ECC7C001434C9 /* STScenes */;
			targetProxy = B30A9A282A7ECC7C001434C9 /* PBXContainerItemProxy */;
		};
		B30A9A3A2A7ED07F001434C9 /* PBXTargetDependency */ = {
			isa = PBXTargetDependency;
			target = B30A9A342A7ED07F001434C9 /* STCore */;
			targetProxy = B30A9A392A7ED07F001434C9 /* PBXContainerItemProxy */;
		};
		B30A9A4A2A7ED08C001434C9 /* PBXTargetDependency */ = {
			isa = PBXTargetDependency;
			target = B30A9A442A7ED08C001434C9 /* STNetwork */;
			targetProxy = B30A9A492A7ED08C001434C9 /* PBXContainerItemProxy */;
		};
		B30A9A5A2A7ED0A1001434C9 /* PBXTargetDependency */ = {
			isa = PBXTargetDependency;
			target = B30A9A542A7ED0A1001434C9 /* STEntities */;
			targetProxy = B30A9A592A7ED0A1001434C9 /* PBXContainerItemProxy */;
		};
		B30A9A6A2A7ED0B6001434C9 /* PBXTargetDependency */ = {
			isa = PBXTargetDependency;
			target = B30A9A642A7ED0B6001434C9 /* STComponents */;
			targetProxy = B30A9A692A7ED0B6001434C9 /* PBXContainerItemProxy */;
		};
/* End PBXTargetDependency section */

/* Begin XCBuildConfiguration section */
		B30A9A112A7ECC5A001434C9 /* Debug */ = {
			isa = XCBuildConfiguration;
			buildSettings = {
				ALWAYS_SEARCH_USER_PATHS = NO;
				CLANG_ANALYZER_NONNULL = YES;
				CLANG_ANALYZER_NUMBER_OBJECT_CONVERSION = YES_AGGRESSIVE;
				CLANG_CXX_LANGUAGE_STANDARD = "gnu++20";
				CLANG_ENABLE_MODULES = YES;
				CLANG_ENABLE_OBJC_ARC = YES;
				CLANG_ENABLE_OBJC_WEAK = YES;
				CLANG_WARN_BLOCK_CAPTURE_AUTORELEASING = YES;
				CLANG_WARN_BOOL_CONVERSION = YES;
				CLANG_WARN_COMMA = YES;
				CLANG_WARN_CONSTANT_CONVERSION = YES;
				CLANG_WARN_DEPRECATED_OBJC_IMPLEMENTATIONS = YES;
				CLANG_WARN_DIRECT_OBJC_ISA_USAGE = YES_ERROR;
				CLANG_WARN_DOCUMENTATION_COMMENTS = YES;
				CLANG_WARN_EMPTY_BODY = YES;
				CLANG_WARN_ENUM_CONVERSION = YES;
				CLANG_WARN_INFINITE_RECURSION = YES;
				CLANG_WARN_INT_CONVERSION = YES;
				CLANG_WARN_NON_LITERAL_NULL_CONVERSION = YES;
				CLANG_WARN_OBJC_IMPLICIT_RETAIN_SELF = YES;
				CLANG_WARN_OBJC_LITERAL_CONVERSION = YES;
				CLANG_WARN_OBJC_ROOT_CLASS = YES_ERROR;
				CLANG_WARN_QUOTED_INCLUDE_IN_FRAMEWORK_HEADER = YES;
				CLANG_WARN_RANGE_LOOP_ANALYSIS = YES;
				CLANG_WARN_STRICT_PROTOTYPES = YES;
				CLANG_WARN_SUSPICIOUS_MOVE = YES;
				CLANG_WARN_UNGUARDED_AVAILABILITY = YES_AGGRESSIVE;
				CLANG_WARN_UNREACHABLE_CODE = YES;
				CLANG_WARN__DUPLICATE_METHOD_MATCH = YES;
				COPY_PHASE_STRIP = NO;
				DEBUG_INFORMATION_FORMAT = dwarf;
				ENABLE_STRICT_OBJC_MSGSEND = YES;
				ENABLE_TESTABILITY = YES;
				GCC_C_LANGUAGE_STANDARD = gnu11;
				GCC_DYNAMIC_NO_PIC = NO;
				GCC_NO_COMMON_BLOCKS = YES;
				GCC_OPTIMIZATION_LEVEL = 0;
				GCC_PREPROCESSOR_DEFINITIONS = (
					"DEBUG=1",
					"$(inherited)",
				);
				GCC_WARN_64_TO_32_BIT_CONVERSION = YES;
				GCC_WARN_ABOUT_RETURN_TYPE = YES_ERROR;
				GCC_WARN_UNDECLARED_SELECTOR = YES;
				GCC_WARN_UNINITIALIZED_AUTOS = YES_AGGRESSIVE;
				GCC_WARN_UNUSED_FUNCTION = YES;
				GCC_WARN_UNUSED_VARIABLE = YES;
				IPHONEOS_DEPLOYMENT_TARGET = 16.2;
				MTL_ENABLE_DEBUG_INFO = INCLUDE_SOURCE;
				MTL_FAST_MATH = YES;
				ONLY_ACTIVE_ARCH = YES;
				SDKROOT = iphoneos;
				SWIFT_ACTIVE_COMPILATION_CONDITIONS = DEBUG;
				SWIFT_OPTIMIZATION_LEVEL = "-Onone";
			};
			name = Debug;
		};
		B30A9A122A7ECC5A001434C9 /* Release */ = {
			isa = XCBuildConfiguration;
			buildSettings = {
				ALWAYS_SEARCH_USER_PATHS = NO;
				CLANG_ANALYZER_NONNULL = YES;
				CLANG_ANALYZER_NUMBER_OBJECT_CONVERSION = YES_AGGRESSIVE;
				CLANG_CXX_LANGUAGE_STANDARD = "gnu++20";
				CLANG_ENABLE_MODULES = YES;
				CLANG_ENABLE_OBJC_ARC = YES;
				CLANG_ENABLE_OBJC_WEAK = YES;
				CLANG_WARN_BLOCK_CAPTURE_AUTORELEASING = YES;
				CLANG_WARN_BOOL_CONVERSION = YES;
				CLANG_WARN_COMMA = YES;
				CLANG_WARN_CONSTANT_CONVERSION = YES;
				CLANG_WARN_DEPRECATED_OBJC_IMPLEMENTATIONS = YES;
				CLANG_WARN_DIRECT_OBJC_ISA_USAGE = YES_ERROR;
				CLANG_WARN_DOCUMENTATION_COMMENTS = YES;
				CLANG_WARN_EMPTY_BODY = YES;
				CLANG_WARN_ENUM_CONVERSION = YES;
				CLANG_WARN_INFINITE_RECURSION = YES;
				CLANG_WARN_INT_CONVERSION = YES;
				CLANG_WARN_NON_LITERAL_NULL_CONVERSION = YES;
				CLANG_WARN_OBJC_IMPLICIT_RETAIN_SELF = YES;
				CLANG_WARN_OBJC_LITERAL_CONVERSION = YES;
				CLANG_WARN_OBJC_ROOT_CLASS = YES_ERROR;
				CLANG_WARN_QUOTED_INCLUDE_IN_FRAMEWORK_HEADER = YES;
				CLANG_WARN_RANGE_LOOP_ANALYSIS = YES;
				CLANG_WARN_STRICT_PROTOTYPES = YES;
				CLANG_WARN_SUSPICIOUS_MOVE = YES;
				CLANG_WARN_UNGUARDED_AVAILABILITY = YES_AGGRESSIVE;
				CLANG_WARN_UNREACHABLE_CODE = YES;
				CLANG_WARN__DUPLICATE_METHOD_MATCH = YES;
				COPY_PHASE_STRIP = NO;
				DEBUG_INFORMATION_FORMAT = "dwarf-with-dsym";
				ENABLE_NS_ASSERTIONS = NO;
				ENABLE_STRICT_OBJC_MSGSEND = YES;
				GCC_C_LANGUAGE_STANDARD = gnu11;
				GCC_NO_COMMON_BLOCKS = YES;
				GCC_WARN_64_TO_32_BIT_CONVERSION = YES;
				GCC_WARN_ABOUT_RETURN_TYPE = YES_ERROR;
				GCC_WARN_UNDECLARED_SELECTOR = YES;
				GCC_WARN_UNINITIALIZED_AUTOS = YES_AGGRESSIVE;
				GCC_WARN_UNUSED_FUNCTION = YES;
				GCC_WARN_UNUSED_VARIABLE = YES;
				IPHONEOS_DEPLOYMENT_TARGET = 16.2;
				MTL_ENABLE_DEBUG_INFO = NO;
				MTL_FAST_MATH = YES;
				SDKROOT = iphoneos;
				SWIFT_COMPILATION_MODE = wholemodule;
				SWIFT_OPTIMIZATION_LEVEL = "-O";
				VALIDATE_PRODUCT = YES;
			};
			name = Release;
		};
		B30A9A142A7ECC5A001434C9 /* Debug */ = {
			isa = XCBuildConfiguration;
			buildSettings = {
				ALWAYS_EMBED_SWIFT_STANDARD_LIBRARIES = YES;
				ASSETCATALOG_COMPILER_APPICON_NAME = AppIcon;
				ASSETCATALOG_COMPILER_GLOBAL_ACCENT_COLOR_NAME = AccentColor;
				CODE_SIGN_STYLE = Automatic;
				CURRENT_PROJECT_VERSION = 1;
				DEVELOPMENT_ASSET_PATHS = "\"RickAndMorty/Preview Content\"";
				DEVELOPMENT_TEAM = 4C2D4G4S6B;
				ENABLE_PREVIEWS = YES;
				GENERATE_INFOPLIST_FILE = YES;
				INFOPLIST_KEY_UIApplicationSceneManifest_Generation = YES;
				INFOPLIST_KEY_UIApplicationSupportsIndirectInputEvents = YES;
				INFOPLIST_KEY_UILaunchScreen_Generation = YES;
				INFOPLIST_KEY_UISupportedInterfaceOrientations_iPad = "UIInterfaceOrientationPortrait UIInterfaceOrientationPortraitUpsideDown UIInterfaceOrientationLandscapeLeft UIInterfaceOrientationLandscapeRight";
				INFOPLIST_KEY_UISupportedInterfaceOrientations_iPhone = "UIInterfaceOrientationPortrait UIInterfaceOrientationLandscapeLeft UIInterfaceOrientationLandscapeRight";
				LD_RUNPATH_SEARCH_PATHS = (
					"$(inherited)",
					"@executable_path/Frameworks",
				);
				MARKETING_VERSION = 1.0;
				PRODUCT_BUNDLE_IDENTIFIER = toysemih.com.RickAndMorty;
				PRODUCT_NAME = "$(TARGET_NAME)";
				SWIFT_EMIT_LOC_STRINGS = YES;
				SWIFT_VERSION = 5.0;
				TARGETED_DEVICE_FAMILY = "1,2";
			};
			name = Debug;
		};
		B30A9A152A7ECC5A001434C9 /* Release */ = {
			isa = XCBuildConfiguration;
			buildSettings = {
				ALWAYS_EMBED_SWIFT_STANDARD_LIBRARIES = YES;
				ASSETCATALOG_COMPILER_APPICON_NAME = AppIcon;
				ASSETCATALOG_COMPILER_GLOBAL_ACCENT_COLOR_NAME = AccentColor;
				CODE_SIGN_STYLE = Automatic;
				CURRENT_PROJECT_VERSION = 1;
				DEVELOPMENT_ASSET_PATHS = "\"RickAndMorty/Preview Content\"";
				DEVELOPMENT_TEAM = 4C2D4G4S6B;
				ENABLE_PREVIEWS = YES;
				GENERATE_INFOPLIST_FILE = YES;
				INFOPLIST_KEY_UIApplicationSceneManifest_Generation = YES;
				INFOPLIST_KEY_UIApplicationSupportsIndirectInputEvents = YES;
				INFOPLIST_KEY_UILaunchScreen_Generation = YES;
				INFOPLIST_KEY_UISupportedInterfaceOrientations_iPad = "UIInterfaceOrientationPortrait UIInterfaceOrientationPortraitUpsideDown UIInterfaceOrientationLandscapeLeft UIInterfaceOrientationLandscapeRight";
				INFOPLIST_KEY_UISupportedInterfaceOrientations_iPhone = "UIInterfaceOrientationPortrait UIInterfaceOrientationLandscapeLeft UIInterfaceOrientationLandscapeRight";
				LD_RUNPATH_SEARCH_PATHS = (
					"$(inherited)",
					"@executable_path/Frameworks",
				);
				MARKETING_VERSION = 1.0;
				PRODUCT_BUNDLE_IDENTIFIER = toysemih.com.RickAndMorty;
				PRODUCT_NAME = "$(TARGET_NAME)";
				SWIFT_EMIT_LOC_STRINGS = YES;
				SWIFT_VERSION = 5.0;
				TARGETED_DEVICE_FAMILY = "1,2";
			};
			name = Release;
		};
		B30A9A172A7ECC5A001434C9 /* Debug */ = {
			isa = XCBuildConfiguration;
			buildSettings = {
				ALWAYS_EMBED_SWIFT_STANDARD_LIBRARIES = YES;
				BUNDLE_LOADER = "$(TEST_HOST)";
				CODE_SIGN_STYLE = Automatic;
				CURRENT_PROJECT_VERSION = 1;
				DEVELOPMENT_TEAM = 4C2D4G4S6B;
				GENERATE_INFOPLIST_FILE = YES;
				IPHONEOS_DEPLOYMENT_TARGET = 16.2;
				MARKETING_VERSION = 1.0;
				PRODUCT_BUNDLE_IDENTIFIER = toysemih.com.RickAndMortyTests;
				PRODUCT_NAME = "$(TARGET_NAME)";
				SWIFT_EMIT_LOC_STRINGS = NO;
				SWIFT_VERSION = 5.0;
				TARGETED_DEVICE_FAMILY = "1,2";
				TEST_HOST = "$(BUILT_PRODUCTS_DIR)/RickAndMorty.app/$(BUNDLE_EXECUTABLE_FOLDER_PATH)/RickAndMorty";
			};
			name = Debug;
		};
		B30A9A182A7ECC5A001434C9 /* Release */ = {
			isa = XCBuildConfiguration;
			buildSettings = {
				ALWAYS_EMBED_SWIFT_STANDARD_LIBRARIES = YES;
				BUNDLE_LOADER = "$(TEST_HOST)";
				CODE_SIGN_STYLE = Automatic;
				CURRENT_PROJECT_VERSION = 1;
				DEVELOPMENT_TEAM = 4C2D4G4S6B;
				GENERATE_INFOPLIST_FILE = YES;
				IPHONEOS_DEPLOYMENT_TARGET = 16.2;
				MARKETING_VERSION = 1.0;
				PRODUCT_BUNDLE_IDENTIFIER = toysemih.com.RickAndMortyTests;
				PRODUCT_NAME = "$(TARGET_NAME)";
				SWIFT_EMIT_LOC_STRINGS = NO;
				SWIFT_VERSION = 5.0;
				TARGETED_DEVICE_FAMILY = "1,2";
				TEST_HOST = "$(BUILT_PRODUCTS_DIR)/RickAndMorty.app/$(BUNDLE_EXECUTABLE_FOLDER_PATH)/RickAndMorty";
			};
			name = Release;
		};
		B30A9A1A2A7ECC5A001434C9 /* Debug */ = {
			isa = XCBuildConfiguration;
			buildSettings = {
				ALWAYS_EMBED_SWIFT_STANDARD_LIBRARIES = YES;
				CODE_SIGN_STYLE = Automatic;
				CURRENT_PROJECT_VERSION = 1;
				DEVELOPMENT_TEAM = 4C2D4G4S6B;
				GENERATE_INFOPLIST_FILE = YES;
				MARKETING_VERSION = 1.0;
				PRODUCT_BUNDLE_IDENTIFIER = toysemih.com.RickAndMortyUITests;
				PRODUCT_NAME = "$(TARGET_NAME)";
				SWIFT_EMIT_LOC_STRINGS = NO;
				SWIFT_VERSION = 5.0;
				TARGETED_DEVICE_FAMILY = "1,2";
				TEST_TARGET_NAME = RickAndMorty;
			};
			name = Debug;
		};
		B30A9A1B2A7ECC5A001434C9 /* Release */ = {
			isa = XCBuildConfiguration;
			buildSettings = {
				ALWAYS_EMBED_SWIFT_STANDARD_LIBRARIES = YES;
				CODE_SIGN_STYLE = Automatic;
				CURRENT_PROJECT_VERSION = 1;
				DEVELOPMENT_TEAM = 4C2D4G4S6B;
				GENERATE_INFOPLIST_FILE = YES;
				MARKETING_VERSION = 1.0;
				PRODUCT_BUNDLE_IDENTIFIER = toysemih.com.RickAndMortyUITests;
				PRODUCT_NAME = "$(TARGET_NAME)";
				SWIFT_EMIT_LOC_STRINGS = NO;
				SWIFT_VERSION = 5.0;
				TARGETED_DEVICE_FAMILY = "1,2";
				TEST_TARGET_NAME = RickAndMorty;
			};
			name = Release;
		};
		B30A9A2D2A7ECC7C001434C9 /* Debug */ = {
			isa = XCBuildConfiguration;
			buildSettings = {
				CLANG_ENABLE_MODULES = YES;
				CODE_SIGN_STYLE = Automatic;
				CURRENT_PROJECT_VERSION = 1;
				DEFINES_MODULE = YES;
				DEVELOPMENT_TEAM = 4C2D4G4S6B;
				DYLIB_COMPATIBILITY_VERSION = 1;
				DYLIB_CURRENT_VERSION = 1;
				DYLIB_INSTALL_NAME_BASE = "@rpath";
				GENERATE_INFOPLIST_FILE = YES;
				INFOPLIST_KEY_NSHumanReadableCopyright = "";
				INSTALL_PATH = "$(LOCAL_LIBRARY_DIR)/Frameworks";
				LD_RUNPATH_SEARCH_PATHS = (
					"$(inherited)",
					"@executable_path/Frameworks",
					"@loader_path/Frameworks",
				);
				MARKETING_VERSION = 1.0;
				PRODUCT_BUNDLE_IDENTIFIER = toysemih.com.STScenes;
				PRODUCT_NAME = "$(TARGET_NAME:c99extidentifier)";
				SKIP_INSTALL = YES;
				SWIFT_EMIT_LOC_STRINGS = YES;
				SWIFT_OPTIMIZATION_LEVEL = "-Onone";
				SWIFT_VERSION = 5.0;
				TARGETED_DEVICE_FAMILY = "1,2";
				VERSIONING_SYSTEM = "apple-generic";
				VERSION_INFO_PREFIX = "";
			};
			name = Debug;
		};
		B30A9A2E2A7ECC7C001434C9 /* Release */ = {
			isa = XCBuildConfiguration;
			buildSettings = {
				CLANG_ENABLE_MODULES = YES;
				CODE_SIGN_STYLE = Automatic;
				CURRENT_PROJECT_VERSION = 1;
				DEFINES_MODULE = YES;
				DEVELOPMENT_TEAM = 4C2D4G4S6B;
				DYLIB_COMPATIBILITY_VERSION = 1;
				DYLIB_CURRENT_VERSION = 1;
				DYLIB_INSTALL_NAME_BASE = "@rpath";
				GENERATE_INFOPLIST_FILE = YES;
				INFOPLIST_KEY_NSHumanReadableCopyright = "";
				INSTALL_PATH = "$(LOCAL_LIBRARY_DIR)/Frameworks";
				LD_RUNPATH_SEARCH_PATHS = (
					"$(inherited)",
					"@executable_path/Frameworks",
					"@loader_path/Frameworks",
				);
				MARKETING_VERSION = 1.0;
				PRODUCT_BUNDLE_IDENTIFIER = toysemih.com.STScenes;
				PRODUCT_NAME = "$(TARGET_NAME:c99extidentifier)";
				SKIP_INSTALL = YES;
				SWIFT_EMIT_LOC_STRINGS = YES;
				SWIFT_VERSION = 5.0;
				TARGETED_DEVICE_FAMILY = "1,2";
				VERSIONING_SYSTEM = "apple-generic";
				VERSION_INFO_PREFIX = "";
			};
			name = Release;
		};
		B30A9A3E2A7ED07F001434C9 /* Debug */ = {
			isa = XCBuildConfiguration;
			buildSettings = {
				CLANG_ENABLE_MODULES = YES;
				CODE_SIGN_STYLE = Automatic;
				CURRENT_PROJECT_VERSION = 1;
				DEFINES_MODULE = YES;
				DEVELOPMENT_TEAM = 4C2D4G4S6B;
				DYLIB_COMPATIBILITY_VERSION = 1;
				DYLIB_CURRENT_VERSION = 1;
				DYLIB_INSTALL_NAME_BASE = "@rpath";
				GENERATE_INFOPLIST_FILE = YES;
				INFOPLIST_KEY_NSHumanReadableCopyright = "";
				INSTALL_PATH = "$(LOCAL_LIBRARY_DIR)/Frameworks";
				LD_RUNPATH_SEARCH_PATHS = (
					"$(inherited)",
					"@executable_path/Frameworks",
					"@loader_path/Frameworks",
				);
				MARKETING_VERSION = 1.0;
				PRODUCT_BUNDLE_IDENTIFIER = toysemih.com.STCore;
				PRODUCT_NAME = "$(TARGET_NAME:c99extidentifier)";
				SKIP_INSTALL = YES;
				SWIFT_EMIT_LOC_STRINGS = YES;
				SWIFT_OPTIMIZATION_LEVEL = "-Onone";
				SWIFT_VERSION = 5.0;
				TARGETED_DEVICE_FAMILY = "1,2";
				VERSIONING_SYSTEM = "apple-generic";
				VERSION_INFO_PREFIX = "";
			};
			name = Debug;
		};
		B30A9A3F2A7ED07F001434C9 /* Release */ = {
			isa = XCBuildConfiguration;
			buildSettings = {
				CLANG_ENABLE_MODULES = YES;
				CODE_SIGN_STYLE = Automatic;
				CURRENT_PROJECT_VERSION = 1;
				DEFINES_MODULE = YES;
				DEVELOPMENT_TEAM = 4C2D4G4S6B;
				DYLIB_COMPATIBILITY_VERSION = 1;
				DYLIB_CURRENT_VERSION = 1;
				DYLIB_INSTALL_NAME_BASE = "@rpath";
				GENERATE_INFOPLIST_FILE = YES;
				INFOPLIST_KEY_NSHumanReadableCopyright = "";
				INSTALL_PATH = "$(LOCAL_LIBRARY_DIR)/Frameworks";
				LD_RUNPATH_SEARCH_PATHS = (
					"$(inherited)",
					"@executable_path/Frameworks",
					"@loader_path/Frameworks",
				);
				MARKETING_VERSION = 1.0;
				PRODUCT_BUNDLE_IDENTIFIER = toysemih.com.STCore;
				PRODUCT_NAME = "$(TARGET_NAME:c99extidentifier)";
				SKIP_INSTALL = YES;
				SWIFT_EMIT_LOC_STRINGS = YES;
				SWIFT_VERSION = 5.0;
				TARGETED_DEVICE_FAMILY = "1,2";
				VERSIONING_SYSTEM = "apple-generic";
				VERSION_INFO_PREFIX = "";
			};
			name = Release;
		};
		B30A9A4E2A7ED08C001434C9 /* Debug */ = {
			isa = XCBuildConfiguration;
			buildSettings = {
				CLANG_ENABLE_MODULES = YES;
				CODE_SIGN_STYLE = Automatic;
				CURRENT_PROJECT_VERSION = 1;
				DEFINES_MODULE = YES;
				DEVELOPMENT_TEAM = 4C2D4G4S6B;
				DYLIB_COMPATIBILITY_VERSION = 1;
				DYLIB_CURRENT_VERSION = 1;
				DYLIB_INSTALL_NAME_BASE = "@rpath";
				GENERATE_INFOPLIST_FILE = YES;
				INFOPLIST_KEY_NSHumanReadableCopyright = "";
				INSTALL_PATH = "$(LOCAL_LIBRARY_DIR)/Frameworks";
				LD_RUNPATH_SEARCH_PATHS = (
					"$(inherited)",
					"@executable_path/Frameworks",
					"@loader_path/Frameworks",
				);
				MARKETING_VERSION = 1.0;
				PRODUCT_BUNDLE_IDENTIFIER = toysemih.com.STNetwork;
				PRODUCT_NAME = "$(TARGET_NAME:c99extidentifier)";
				SKIP_INSTALL = YES;
				SWIFT_EMIT_LOC_STRINGS = YES;
				SWIFT_OPTIMIZATION_LEVEL = "-Onone";
				SWIFT_VERSION = 5.0;
				TARGETED_DEVICE_FAMILY = "1,2";
				VERSIONING_SYSTEM = "apple-generic";
				VERSION_INFO_PREFIX = "";
			};
			name = Debug;
		};
		B30A9A4F2A7ED08C001434C9 /* Release */ = {
			isa = XCBuildConfiguration;
			buildSettings = {
				CLANG_ENABLE_MODULES = YES;
				CODE_SIGN_STYLE = Automatic;
				CURRENT_PROJECT_VERSION = 1;
				DEFINES_MODULE = YES;
				DEVELOPMENT_TEAM = 4C2D4G4S6B;
				DYLIB_COMPATIBILITY_VERSION = 1;
				DYLIB_CURRENT_VERSION = 1;
				DYLIB_INSTALL_NAME_BASE = "@rpath";
				GENERATE_INFOPLIST_FILE = YES;
				INFOPLIST_KEY_NSHumanReadableCopyright = "";
				INSTALL_PATH = "$(LOCAL_LIBRARY_DIR)/Frameworks";
				LD_RUNPATH_SEARCH_PATHS = (
					"$(inherited)",
					"@executable_path/Frameworks",
					"@loader_path/Frameworks",
				);
				MARKETING_VERSION = 1.0;
				PRODUCT_BUNDLE_IDENTIFIER = toysemih.com.STNetwork;
				PRODUCT_NAME = "$(TARGET_NAME:c99extidentifier)";
				SKIP_INSTALL = YES;
				SWIFT_EMIT_LOC_STRINGS = YES;
				SWIFT_VERSION = 5.0;
				TARGETED_DEVICE_FAMILY = "1,2";
				VERSIONING_SYSTEM = "apple-generic";
				VERSION_INFO_PREFIX = "";
			};
			name = Release;
		};
		B30A9A5E2A7ED0A1001434C9 /* Debug */ = {
			isa = XCBuildConfiguration;
			buildSettings = {
				CLANG_ENABLE_MODULES = YES;
				CODE_SIGN_STYLE = Automatic;
				CURRENT_PROJECT_VERSION = 1;
				DEFINES_MODULE = YES;
				DEVELOPMENT_TEAM = 4C2D4G4S6B;
				DYLIB_COMPATIBILITY_VERSION = 1;
				DYLIB_CURRENT_VERSION = 1;
				DYLIB_INSTALL_NAME_BASE = "@rpath";
				GENERATE_INFOPLIST_FILE = YES;
				INFOPLIST_KEY_NSHumanReadableCopyright = "";
				INSTALL_PATH = "$(LOCAL_LIBRARY_DIR)/Frameworks";
				LD_RUNPATH_SEARCH_PATHS = (
					"$(inherited)",
					"@executable_path/Frameworks",
					"@loader_path/Frameworks",
				);
				MARKETING_VERSION = 1.0;
				PRODUCT_BUNDLE_IDENTIFIER = toysemih.com.STEntities;
				PRODUCT_NAME = "$(TARGET_NAME:c99extidentifier)";
				SKIP_INSTALL = YES;
				SWIFT_EMIT_LOC_STRINGS = YES;
				SWIFT_OPTIMIZATION_LEVEL = "-Onone";
				SWIFT_VERSION = 5.0;
				TARGETED_DEVICE_FAMILY = "1,2";
				VERSIONING_SYSTEM = "apple-generic";
				VERSION_INFO_PREFIX = "";
			};
			name = Debug;
		};
		B30A9A5F2A7ED0A1001434C9 /* Release */ = {
			isa = XCBuildConfiguration;
			buildSettings = {
				CLANG_ENABLE_MODULES = YES;
				CODE_SIGN_STYLE = Automatic;
				CURRENT_PROJECT_VERSION = 1;
				DEFINES_MODULE = YES;
				DEVELOPMENT_TEAM = 4C2D4G4S6B;
				DYLIB_COMPATIBILITY_VERSION = 1;
				DYLIB_CURRENT_VERSION = 1;
				DYLIB_INSTALL_NAME_BASE = "@rpath";
				GENERATE_INFOPLIST_FILE = YES;
				INFOPLIST_KEY_NSHumanReadableCopyright = "";
				INSTALL_PATH = "$(LOCAL_LIBRARY_DIR)/Frameworks";
				LD_RUNPATH_SEARCH_PATHS = (
					"$(inherited)",
					"@executable_path/Frameworks",
					"@loader_path/Frameworks",
				);
				MARKETING_VERSION = 1.0;
				PRODUCT_BUNDLE_IDENTIFIER = toysemih.com.STEntities;
				PRODUCT_NAME = "$(TARGET_NAME:c99extidentifier)";
				SKIP_INSTALL = YES;
				SWIFT_EMIT_LOC_STRINGS = YES;
				SWIFT_VERSION = 5.0;
				TARGETED_DEVICE_FAMILY = "1,2";
				VERSIONING_SYSTEM = "apple-generic";
				VERSION_INFO_PREFIX = "";
			};
			name = Release;
		};
		B30A9A6E2A7ED0B6001434C9 /* Debug */ = {
			isa = XCBuildConfiguration;
			buildSettings = {
				CLANG_ENABLE_MODULES = YES;
				CODE_SIGN_STYLE = Automatic;
				CURRENT_PROJECT_VERSION = 1;
				DEFINES_MODULE = YES;
				DEVELOPMENT_TEAM = 4C2D4G4S6B;
				DYLIB_COMPATIBILITY_VERSION = 1;
				DYLIB_CURRENT_VERSION = 1;
				DYLIB_INSTALL_NAME_BASE = "@rpath";
				GENERATE_INFOPLIST_FILE = YES;
				INFOPLIST_KEY_NSHumanReadableCopyright = "";
				INSTALL_PATH = "$(LOCAL_LIBRARY_DIR)/Frameworks";
				LD_RUNPATH_SEARCH_PATHS = (
					"$(inherited)",
					"@executable_path/Frameworks",
					"@loader_path/Frameworks",
				);
				MARKETING_VERSION = 1.0;
				PRODUCT_BUNDLE_IDENTIFIER = toysemih.com.STComponents;
				PRODUCT_NAME = "$(TARGET_NAME:c99extidentifier)";
				SKIP_INSTALL = YES;
				SWIFT_EMIT_LOC_STRINGS = YES;
				SWIFT_OPTIMIZATION_LEVEL = "-Onone";
				SWIFT_VERSION = 5.0;
				TARGETED_DEVICE_FAMILY = "1,2";
				VERSIONING_SYSTEM = "apple-generic";
				VERSION_INFO_PREFIX = "";
			};
			name = Debug;
		};
		B30A9A6F2A7ED0B6001434C9 /* Release */ = {
			isa = XCBuildConfiguration;
			buildSettings = {
				CLANG_ENABLE_MODULES = YES;
				CODE_SIGN_STYLE = Automatic;
				CURRENT_PROJECT_VERSION = 1;
				DEFINES_MODULE = YES;
				DEVELOPMENT_TEAM = 4C2D4G4S6B;
				DYLIB_COMPATIBILITY_VERSION = 1;
				DYLIB_CURRENT_VERSION = 1;
				DYLIB_INSTALL_NAME_BASE = "@rpath";
				GENERATE_INFOPLIST_FILE = YES;
				INFOPLIST_KEY_NSHumanReadableCopyright = "";
				INSTALL_PATH = "$(LOCAL_LIBRARY_DIR)/Frameworks";
				LD_RUNPATH_SEARCH_PATHS = (
					"$(inherited)",
					"@executable_path/Frameworks",
					"@loader_path/Frameworks",
				);
				MARKETING_VERSION = 1.0;
				PRODUCT_BUNDLE_IDENTIFIER = toysemih.com.STComponents;
				PRODUCT_NAME = "$(TARGET_NAME:c99extidentifier)";
				SKIP_INSTALL = YES;
				SWIFT_EMIT_LOC_STRINGS = YES;
				SWIFT_VERSION = 5.0;
				TARGETED_DEVICE_FAMILY = "1,2";
				VERSIONING_SYSTEM = "apple-generic";
				VERSION_INFO_PREFIX = "";
			};
			name = Release;
		};
/* End XCBuildConfiguration section */

/* Begin XCConfigurationList section */
		B30A99EA2A7ECC59001434C9 /* Build configuration list for PBXProject "RickAndMorty" */ = {
			isa = XCConfigurationList;
			buildConfigurations = (
				B30A9A112A7ECC5A001434C9 /* Debug */,
				B30A9A122A7ECC5A001434C9 /* Release */,
			);
			defaultConfigurationIsVisible = 0;
			defaultConfigurationName = Release;
		};
		B30A9A132A7ECC5A001434C9 /* Build configuration list for PBXNativeTarget "RickAndMorty" */ = {
			isa = XCConfigurationList;
			buildConfigurations = (
				B30A9A142A7ECC5A001434C9 /* Debug */,
				B30A9A152A7ECC5A001434C9 /* Release */,
			);
			defaultConfigurationIsVisible = 0;
			defaultConfigurationName = Release;
		};
		B30A9A162A7ECC5A001434C9 /* Build configuration list for PBXNativeTarget "RickAndMortyTests" */ = {
			isa = XCConfigurationList;
			buildConfigurations = (
				B30A9A172A7ECC5A001434C9 /* Debug */,
				B30A9A182A7ECC5A001434C9 /* Release */,
			);
			defaultConfigurationIsVisible = 0;
			defaultConfigurationName = Release;
		};
		B30A9A192A7ECC5A001434C9 /* Build configuration list for PBXNativeTarget "RickAndMortyUITests" */ = {
			isa = XCConfigurationList;
			buildConfigurations = (
				B30A9A1A2A7ECC5A001434C9 /* Debug */,
				B30A9A1B2A7ECC5A001434C9 /* Release */,
			);
			defaultConfigurationIsVisible = 0;
			defaultConfigurationName = Release;
		};
		B30A9A2C2A7ECC7C001434C9 /* Build configuration list for PBXNativeTarget "STScenes" */ = {
			isa = XCConfigurationList;
			buildConfigurations = (
				B30A9A2D2A7ECC7C001434C9 /* Debug */,
				B30A9A2E2A7ECC7C001434C9 /* Release */,
			);
			defaultConfigurationIsVisible = 0;
			defaultConfigurationName = Release;
		};
		B30A9A3D2A7ED07F001434C9 /* Build configuration list for PBXNativeTarget "STCore" */ = {
			isa = XCConfigurationList;
			buildConfigurations = (
				B30A9A3E2A7ED07F001434C9 /* Debug */,
				B30A9A3F2A7ED07F001434C9 /* Release */,
			);
			defaultConfigurationIsVisible = 0;
			defaultConfigurationName = Release;
		};
		B30A9A4D2A7ED08C001434C9 /* Build configuration list for PBXNativeTarget "STNetwork" */ = {
			isa = XCConfigurationList;
			buildConfigurations = (
				B30A9A4E2A7ED08C001434C9 /* Debug */,
				B30A9A4F2A7ED08C001434C9 /* Release */,
			);
			defaultConfigurationIsVisible = 0;
			defaultConfigurationName = Release;
		};
		B30A9A5D2A7ED0A1001434C9 /* Build configuration list for PBXNativeTarget "STEntities" */ = {
			isa = XCConfigurationList;
			buildConfigurations = (
				B30A9A5E2A7ED0A1001434C9 /* Debug */,
				B30A9A5F2A7ED0A1001434C9 /* Release */,
			);
			defaultConfigurationIsVisible = 0;
			defaultConfigurationName = Release;
		};
		B30A9A6D2A7ED0B6001434C9 /* Build configuration list for PBXNativeTarget "STComponents" */ = {
			isa = XCConfigurationList;
			buildConfigurations = (
				B30A9A6E2A7ED0B6001434C9 /* Debug */,
				B30A9A6F2A7ED0B6001434C9 /* Release */,
			);
			defaultConfigurationIsVisible = 0;
			defaultConfigurationName = Release;
		};
/* End XCConfigurationList section */

/* Begin XCRemoteSwiftPackageReference section */
		B30A9A1C2A7ECC6C001434C9 /* XCRemoteSwiftPackageReference "Alamofire" */ = {
			isa = XCRemoteSwiftPackageReference;
			repositoryURL = "https://github.com/Alamofire/Alamofire";
			requirement = {
				branch = master;
				kind = branch;
			};
		};
/* End XCRemoteSwiftPackageReference section */

/* Begin XCSwiftPackageProductDependency section */
		B30A9A1D2A7ECC6C001434C9 /* Alamofire */ = {
			isa = XCSwiftPackageProductDependency;
			package = B30A9A1C2A7ECC6C001434C9 /* XCRemoteSwiftPackageReference "Alamofire" */;
			productName = Alamofire;
		};
		B30A9A712A7ED0D8001434C9 /* Alamofire */ = {
			isa = XCSwiftPackageProductDependency;
			package = B30A9A1C2A7ECC6C001434C9 /* XCRemoteSwiftPackageReference "Alamofire" */;
			productName = Alamofire;
		};
/* End XCSwiftPackageProductDependency section */
	};
	rootObject = B30A99E72A7ECC59001434C9 /* Project object */;
}
